// !$*UTF8*$!
{
	archiveVersion = 1;
	classes = {
	};
	objectVersion = 46;
	objects = {

/* Begin PBXBuildFile section */
		6C972B2517550AF3007234B6 /* UIKit.framework in Frameworks */ = {isa = PBXBuildFile; fileRef = 6C972B2417550AF3007234B6 /* UIKit.framework */; };
		6C972B2717550AF3007234B6 /* Foundation.framework in Frameworks */ = {isa = PBXBuildFile; fileRef = 6C972B2617550AF3007234B6 /* Foundation.framework */; };
		6C972B2917550AF3007234B6 /* CoreGraphics.framework in Frameworks */ = {isa = PBXBuildFile; fileRef = 6C972B2817550AF3007234B6 /* CoreGraphics.framework */; };
		6C972B2F17550AF3007234B6 /* InfoPlist.strings in Resources */ = {isa = PBXBuildFile; fileRef = 6C972B2D17550AF3007234B6 /* InfoPlist.strings */; };
		6C972B3117550AF3007234B6 /* main.m in Sources */ = {isa = PBXBuildFile; fileRef = 6C972B3017550AF3007234B6 /* main.m */; };
		6C972B3517550AF3007234B6 /* PLAppDelegate.m in Sources */ = {isa = PBXBuildFile; fileRef = 6C972B3417550AF3007234B6 /* PLAppDelegate.m */; };
		6C972B3717550AF3007234B6 /* Default.png in Resources */ = {isa = PBXBuildFile; fileRef = 6C972B3617550AF3007234B6 /* Default.png */; };
		6C972B3917550AF3007234B6 /* Default@2x.png in Resources */ = {isa = PBXBuildFile; fileRef = 6C972B3817550AF3007234B6 /* Default@2x.png */; };
		6C972B3B17550AF3007234B6 /* Default-568h@2x.png in Resources */ = {isa = PBXBuildFile; fileRef = 6C972B3A17550AF3007234B6 /* Default-568h@2x.png */; };
		6C972B3E17550AF3007234B6 /* MainStoryboard_iPhone.storyboard in Resources */ = {isa = PBXBuildFile; fileRef = 6C972B3C17550AF3007234B6 /* MainStoryboard_iPhone.storyboard */; };
		6C972B4117550AF3007234B6 /* MainStoryboard_iPad.storyboard in Resources */ = {isa = PBXBuildFile; fileRef = 6C972B3F17550AF3007234B6 /* MainStoryboard_iPad.storyboard */; };
		6C972B4417550AF3007234B6 /* PLViewController.m in Sources */ = {isa = PBXBuildFile; fileRef = 6C972B4317550AF3007234B6 /* PLViewController.m */; };
		6C972B4C17550AF4007234B6 /* SenTestingKit.framework in Frameworks */ = {isa = PBXBuildFile; fileRef = 6C972B4B17550AF4007234B6 /* SenTestingKit.framework */; };
		6C972B4D17550AF4007234B6 /* UIKit.framework in Frameworks */ = {isa = PBXBuildFile; fileRef = 6C972B2417550AF3007234B6 /* UIKit.framework */; };
		6C972B4E17550AF4007234B6 /* Foundation.framework in Frameworks */ = {isa = PBXBuildFile; fileRef = 6C972B2617550AF3007234B6 /* Foundation.framework */; };
		6C972B5617550AF4007234B6 /* InfoPlist.strings in Resources */ = {isa = PBXBuildFile; fileRef = 6C972B5417550AF4007234B6 /* InfoPlist.strings */; };
		6C972B5917550AF4007234B6 /* PlankLinkTests.m in Sources */ = {isa = PBXBuildFile; fileRef = 6C972B5817550AF4007234B6 /* PlankLinkTests.m */; };
/* End PBXBuildFile section */

/* Begin PBXContainerItemProxy section */
		6C972B4F17550AF4007234B6 /* PBXContainerItemProxy */ = {
			isa = PBXContainerItemProxy;
			containerPortal = 6C972B1917550AF3007234B6 /* Project object */;
			proxyType = 1;
			remoteGlobalIDString = 6C972B2017550AF3007234B6;
			remoteInfo = PlankLink;
		};
/* End PBXContainerItemProxy section */

/* Begin PBXFileReference section */
		6C972B2117550AF3007234B6 /* PlankLink.app */ = {isa = PBXFileReference; explicitFileType = wrapper.application; includeInIndex = 0; path = PlankLink.app; sourceTree = BUILT_PRODUCTS_DIR; };
		6C972B2417550AF3007234B6 /* UIKit.framework */ = {isa = PBXFileReference; lastKnownFileType = wrapper.framework; name = UIKit.framework; path = System/Library/Frameworks/UIKit.framework; sourceTree = SDKROOT; };
		6C972B2617550AF3007234B6 /* Foundation.framework */ = {isa = PBXFileReference; lastKnownFileType = wrapper.framework; name = Foundation.framework; path = System/Library/Frameworks/Foundation.framework; sourceTree = SDKROOT; };
		6C972B2817550AF3007234B6 /* CoreGraphics.framework */ = {isa = PBXFileReference; lastKnownFileType = wrapper.framework; name = CoreGraphics.framework; path = System/Library/Frameworks/CoreGraphics.framework; sourceTree = SDKROOT; };
		6C972B2C17550AF3007234B6 /* PlankLink-Info.plist */ = {isa = PBXFileReference; lastKnownFileType = text.plist.xml; path = "PlankLink-Info.plist"; sourceTree = "<group>"; };
		6C972B2E17550AF3007234B6 /* en */ = {isa = PBXFileReference; lastKnownFileType = text.plist.strings; name = en; path = en.lproj/InfoPlist.strings; sourceTree = "<group>"; };
		6C972B3017550AF3007234B6 /* main.m */ = {isa = PBXFileReference; lastKnownFileType = sourcecode.c.objc; path = main.m; sourceTree = "<group>"; };
		6C972B3217550AF3007234B6 /* PlankLink-Prefix.pch */ = {isa = PBXFileReference; lastKnownFileType = sourcecode.c.h; path = "PlankLink-Prefix.pch"; sourceTree = "<group>"; };
		6C972B3317550AF3007234B6 /* PLAppDelegate.h */ = {isa = PBXFileReference; lastKnownFileType = sourcecode.c.h; path = PLAppDelegate.h; sourceTree = "<group>"; };
		6C972B3417550AF3007234B6 /* PLAppDelegate.m */ = {isa = PBXFileReference; lastKnownFileType = sourcecode.c.objc; path = PLAppDelegate.m; sourceTree = "<group>"; };
		6C972B3617550AF3007234B6 /* Default.png */ = {isa = PBXFileReference; lastKnownFileType = image.png; path = Default.png; sourceTree = "<group>"; };
		6C972B3817550AF3007234B6 /* Default@2x.png */ = {isa = PBXFileReference; lastKnownFileType = image.png; path = "Default@2x.png"; sourceTree = "<group>"; };
		6C972B3A17550AF3007234B6 /* Default-568h@2x.png */ = {isa = PBXFileReference; lastKnownFileType = image.png; path = "Default-568h@2x.png"; sourceTree = "<group>"; };
		6C972B3D17550AF3007234B6 /* en */ = {isa = PBXFileReference; lastKnownFileType = file.storyboard; name = en; path = en.lproj/MainStoryboard_iPhone.storyboard; sourceTree = "<group>"; };
		6C972B4017550AF3007234B6 /* en */ = {isa = PBXFileReference; lastKnownFileType = file.storyboard; name = en; path = en.lproj/MainStoryboard_iPad.storyboard; sourceTree = "<group>"; };
		6C972B4217550AF3007234B6 /* PLViewController.h */ = {isa = PBXFileReference; lastKnownFileType = sourcecode.c.h; path = PLViewController.h; sourceTree = "<group>"; };
		6C972B4317550AF3007234B6 /* PLViewController.m */ = {isa = PBXFileReference; lastKnownFileType = sourcecode.c.objc; path = PLViewController.m; sourceTree = "<group>"; };
		6C972B4A17550AF4007234B6 /* PlankLinkTests.octest */ = {isa = PBXFileReference; explicitFileType = wrapper.cfbundle; includeInIndex = 0; path = PlankLinkTests.octest; sourceTree = BUILT_PRODUCTS_DIR; };
		6C972B4B17550AF4007234B6 /* SenTestingKit.framework */ = {isa = PBXFileReference; lastKnownFileType = wrapper.framework; name = SenTestingKit.framework; path = Library/Frameworks/SenTestingKit.framework; sourceTree = DEVELOPER_DIR; };
		6C972B5317550AF4007234B6 /* PlankLinkTests-Info.plist */ = {isa = PBXFileReference; lastKnownFileType = text.plist.xml; path = "PlankLinkTests-Info.plist"; sourceTree = "<group>"; };
		6C972B5517550AF4007234B6 /* en */ = {isa = PBXFileReference; lastKnownFileType = text.plist.strings; name = en; path = en.lproj/InfoPlist.strings; sourceTree = "<group>"; };
		6C972B5717550AF4007234B6 /* PlankLinkTests.h */ = {isa = PBXFileReference; lastKnownFileType = sourcecode.c.h; path = PlankLinkTests.h; sourceTree = "<group>"; };
		6C972B5817550AF4007234B6 /* PlankLinkTests.m */ = {isa = PBXFileReference; lastKnownFileType = sourcecode.c.objc; path = PlankLinkTests.m; sourceTree = "<group>"; };
/* End PBXFileReference section */

/* Begin PBXFrameworksBuildPhase section */
		6C972B1E17550AF3007234B6 /* Frameworks */ = {
			isa = PBXFrameworksBuildPhase;
			buildActionMask = 2147483647;
			files = (
				6C972B2517550AF3007234B6 /* UIKit.framework in Frameworks */,
				6C972B2717550AF3007234B6 /* Foundation.framework in Frameworks */,
				6C972B2917550AF3007234B6 /* CoreGraphics.framework in Frameworks */,
			);
			runOnlyForDeploymentPostprocessing = 0;
		};
		6C972B4617550AF4007234B6 /* Frameworks */ = {
			isa = PBXFrameworksBuildPhase;
			buildActionMask = 2147483647;
			files = (
				6C972B4C17550AF4007234B6 /* SenTestingKit.framework in Frameworks */,
				6C972B4D17550AF4007234B6 /* UIKit.framework in Frameworks */,
				6C972B4E17550AF4007234B6 /* Foundation.framework in Frameworks */,
			);
			runOnlyForDeploymentPostprocessing = 0;
		};
/* End PBXFrameworksBuildPhase section */

/* Begin PBXGroup section */
		6C972B1817550AF3007234B6 = {
			isa = PBXGroup;
			children = (
				6C972B2A17550AF3007234B6 /* PlankLink */,
				6C972B5117550AF4007234B6 /* PlankLinkTests */,
				6C972B2317550AF3007234B6 /* Frameworks */,
				6C972B2217550AF3007234B6 /* Products */,
			);
			sourceTree = "<group>";
		};
		6C972B2217550AF3007234B6 /* Products */ = {
			isa = PBXGroup;
			children = (
				6C972B2117550AF3007234B6 /* PlankLink.app */,
				6C972B4A17550AF4007234B6 /* PlankLinkTests.octest */,
			);
			name = Products;
			sourceTree = "<group>";
		};
		6C972B2317550AF3007234B6 /* Frameworks */ = {
			isa = PBXGroup;
			children = (
				6C972B2417550AF3007234B6 /* UIKit.framework */,
				6C972B2617550AF3007234B6 /* Foundation.framework */,
				6C972B2817550AF3007234B6 /* CoreGraphics.framework */,
				6C972B4B17550AF4007234B6 /* SenTestingKit.framework */,
			);
			name = Frameworks;
			sourceTree = "<group>";
		};
		6C972B2A17550AF3007234B6 /* PlankLink */ = {
			isa = PBXGroup;
			children = (
				6C972B3317550AF3007234B6 /* PLAppDelegate.h */,
				6C972B3417550AF3007234B6 /* PLAppDelegate.m */,
				6C972B3C17550AF3007234B6 /* MainStoryboard_iPhone.storyboard */,
				6C972B3F17550AF3007234B6 /* MainStoryboard_iPad.storyboard */,
				6C972B4217550AF3007234B6 /* PLViewController.h */,
				6C972B4317550AF3007234B6 /* PLViewController.m */,
				6C972B2B17550AF3007234B6 /* Supporting Files */,
			);
			path = PlankLink;
			sourceTree = "<group>";
		};
		6C972B2B17550AF3007234B6 /* Supporting Files */ = {
			isa = PBXGroup;
			children = (
				6C972B2C17550AF3007234B6 /* PlankLink-Info.plist */,
				6C972B2D17550AF3007234B6 /* InfoPlist.strings */,
				6C972B3017550AF3007234B6 /* main.m */,
				6C972B3217550AF3007234B6 /* PlankLink-Prefix.pch */,
				6C972B3617550AF3007234B6 /* Default.png */,
				6C972B3817550AF3007234B6 /* Default@2x.png */,
				6C972B3A17550AF3007234B6 /* Default-568h@2x.png */,
			);
			name = "Supporting Files";
			sourceTree = "<group>";
		};
		6C972B5117550AF4007234B6 /* PlankLinkTests */ = {
			isa = PBXGroup;
			children = (
				6C972B5717550AF4007234B6 /* PlankLinkTests.h */,
				6C972B5817550AF4007234B6 /* PlankLinkTests.m */,
				6C972B5217550AF4007234B6 /* Supporting Files */,
			);
			path = PlankLinkTests;
			sourceTree = "<group>";
		};
		6C972B5217550AF4007234B6 /* Supporting Files */ = {
			isa = PBXGroup;
			children = (
				6C972B5317550AF4007234B6 /* PlankLinkTests-Info.plist */,
				6C972B5417550AF4007234B6 /* InfoPlist.strings */,
			);
			name = "Supporting Files";
			sourceTree = "<group>";
		};
/* End PBXGroup section */

/* Begin PBXNativeTarget section */
		6C972B2017550AF3007234B6 /* PlankLink */ = {
			isa = PBXNativeTarget;
			buildConfigurationList = 6C972B5C17550AF4007234B6 /* Build configuration list for PBXNativeTarget "PlankLink" */;
			buildPhases = (
				6C972B1D17550AF3007234B6 /* Sources */,
				6C972B1E17550AF3007234B6 /* Frameworks */,
				6C972B1F17550AF3007234B6 /* Resources */,
			);
			buildRules = (
			);
			dependencies = (
			);
			name = PlankLink;
			productName = PlankLink;
			productReference = 6C972B2117550AF3007234B6 /* PlankLink.app */;
			productType = "com.apple.product-type.application";
		};
		6C972B4917550AF4007234B6 /* PlankLinkTests */ = {
			isa = PBXNativeTarget;
			buildConfigurationList = 6C972B5F17550AF4007234B6 /* Build configuration list for PBXNativeTarget "PlankLinkTests" */;
			buildPhases = (
				6C972B4517550AF4007234B6 /* Sources */,
				6C972B4617550AF4007234B6 /* Frameworks */,
				6C972B4717550AF4007234B6 /* Resources */,
				6C972B4817550AF4007234B6 /* ShellScript */,
			);
			buildRules = (
			);
			dependencies = (
				6C972B5017550AF4007234B6 /* PBXTargetDependency */,
			);
			name = PlankLinkTests;
			productName = PlankLinkTests;
			productReference = 6C972B4A17550AF4007234B6 /* PlankLinkTests.octest */;
			productType = "com.apple.product-type.bundle";
		};
/* End PBXNativeTarget section */

/* Begin PBXProject section */
		6C972B1917550AF3007234B6 /* Project object */ = {
			isa = PBXProject;
			attributes = {
				CLASSPREFIX = PL;
				LastUpgradeCheck = 0460;
				ORGANIZATIONNAME = "Zealous Amoeba";
			};
			buildConfigurationList = 6C972B1C17550AF3007234B6 /* Build configuration list for PBXProject "PlankLink" */;
			compatibilityVersion = "Xcode 3.2";
			developmentRegion = English;
			hasScannedForEncodings = 0;
			knownRegions = (
				en,
			);
			mainGroup = 6C972B1817550AF3007234B6;
			productRefGroup = 6C972B2217550AF3007234B6 /* Products */;
			projectDirPath = "";
			projectRoot = "";
			targets = (
				6C972B2017550AF3007234B6 /* PlankLink */,
				6C972B4917550AF4007234B6 /* PlankLinkTests */,
			);
		};
/* End PBXProject section */

/* Begin PBXResourcesBuildPhase section */
		6C972B1F17550AF3007234B6 /* Resources */ = {
			isa = PBXResourcesBuildPhase;
			buildActionMask = 2147483647;
			files = (
				6C972B2F17550AF3007234B6 /* InfoPlist.strings in Resources */,
				6C972B3717550AF3007234B6 /* Default.png in Resources */,
				6C972B3917550AF3007234B6 /* Default@2x.png in Resources */,
				6C972B3B17550AF3007234B6 /* Default-568h@2x.png in Resources */,
				6C972B3E17550AF3007234B6 /* MainStoryboard_iPhone.storyboard in Resources */,
				6C972B4117550AF3007234B6 /* MainStoryboard_iPad.storyboard in Resources */,
			);
			runOnlyForDeploymentPostprocessing = 0;
		};
		6C972B4717550AF4007234B6 /* Resources */ = {
			isa = PBXResourcesBuildPhase;
			buildActionMask = 2147483647;
			files = (
				6C972B5617550AF4007234B6 /* InfoPlist.strings in Resources */,
			);
			runOnlyForDeploymentPostprocessing = 0;
		};
/* End PBXResourcesBuildPhase section */

/* Begin PBXShellScriptBuildPhase section */
		6C972B4817550AF4007234B6 /* ShellScript */ = {
			isa = PBXShellScriptBuildPhase;
			buildActionMask = 2147483647;
			files = (
			);
			inputPaths = (
			);
			outputPaths = (
			);
			runOnlyForDeploymentPostprocessing = 0;
			shellPath = /bin/sh;
			shellScript = "# Run the unit tests in this test bundle.\n\"${SYSTEM_DEVELOPER_DIR}/Tools/RunUnitTests\"\n";
		};
/* End PBXShellScriptBuildPhase section */

/* Begin PBXSourcesBuildPhase section */
		6C972B1D17550AF3007234B6 /* Sources */ = {
			isa = PBXSourcesBuildPhase;
			buildActionMask = 2147483647;
			files = (
				6C972B3117550AF3007234B6 /* main.m in Sources */,
				6C972B3517550AF3007234B6 /* PLAppDelegate.m in Sources */,
				6C972B4417550AF3007234B6 /* PLViewController.m in Sources */,
			);
			runOnlyForDeploymentPostprocessing = 0;
		};
		6C972B4517550AF4007234B6 /* Sources */ = {
			isa = PBXSourcesBuildPhase;
			buildActionMask = 2147483647;
			files = (
				6C972B5917550AF4007234B6 /* PlankLinkTests.m in Sources */,
			);
			runOnlyForDeploymentPostprocessing = 0;
		};
/* End PBXSourcesBuildPhase section */

/* Begin PBXTargetDependency section */
		6C972B5017550AF4007234B6 /* PBXTargetDependency */ = {
			isa = PBXTargetDependency;
			target = 6C972B2017550AF3007234B6 /* PlankLink */;
			targetProxy = 6C972B4F17550AF4007234B6 /* PBXContainerItemProxy */;
		};
/* End PBXTargetDependency section */

/* Begin PBXVariantGroup section */
		6C972B2D17550AF3007234B6 /* InfoPlist.strings */ = {
			isa = PBXVariantGroup;
			children = (
				6C972B2E17550AF3007234B6 /* en */,
			);
			name = InfoPlist.strings;
			sourceTree = "<group>";
		};
		6C972B3C17550AF3007234B6 /* MainStoryboard_iPhone.storyboard */ = {
			isa = PBXVariantGroup;
			children = (
				6C972B3D17550AF3007234B6 /* en */,
			);
			name = MainStoryboard_iPhone.storyboard;
			sourceTree = "<group>";
		};
		6C972B3F17550AF3007234B6 /* MainStoryboard_iPad.storyboard */ = {
			isa = PBXVariantGroup;
			children = (
				6C972B4017550AF3007234B6 /* en */,
			);
			name = MainStoryboard_iPad.storyboard;
			sourceTree = "<group>";
		};
		6C972B5417550AF4007234B6 /* InfoPlist.strings */ = {
			isa = PBXVariantGroup;
			children = (
				6C972B5517550AF4007234B6 /* en */,
			);
			name = InfoPlist.strings;
			sourceTree = "<group>";
		};
/* End PBXVariantGroup section */

/* Begin XCBuildConfiguration section */
		6C972B5A17550AF4007234B6 /* Debug */ = {
			isa = XCBuildConfiguration;
			buildSettings = {
				ALWAYS_SEARCH_USER_PATHS = NO;
				CLANG_CXX_LANGUAGE_STANDARD = "gnu++0x";
				CLANG_CXX_LIBRARY = "libc++";
				CLANG_ENABLE_OBJC_ARC = YES;
				CLANG_WARN_CONSTANT_CONVERSION = YES;
				CLANG_WARN_EMPTY_BODY = YES;
				CLANG_WARN_ENUM_CONVERSION = YES;
				CLANG_WARN_INT_CONVERSION = YES;
				CLANG_WARN__DUPLICATE_METHOD_MATCH = YES;
				"CODE_SIGN_IDENTITY[sdk=iphoneos*]" = "iPhone Developer";
				COPY_PHASE_STRIP = NO;
				GCC_C_LANGUAGE_STANDARD = gnu99;
				GCC_DYNAMIC_NO_PIC = NO;
				GCC_OPTIMIZATION_LEVEL = 0;
				GCC_PREPROCESSOR_DEFINITIONS = (
					"DEBUG=1",
					"$(inherited)",
				);
				GCC_SYMBOLS_PRIVATE_EXTERN = NO;
				GCC_WARN_ABOUT_RETURN_TYPE = YES;
				GCC_WARN_UNINITIALIZED_AUTOS = YES;
				GCC_WARN_UNUSED_VARIABLE = YES;
				IPHONEOS_DEPLOYMENT_TARGET = 6.1;
				ONLY_ACTIVE_ARCH = YES;
				SDKROOT = iphoneos;
				TARGETED_DEVICE_FAMILY = "1,2";
			};
			name = Debug;
		};
		6C972B5B17550AF4007234B6 /* Release */ = {
			isa = XCBuildConfiguration;
			buildSettings = {
				ALWAYS_SEARCH_USER_PATHS = NO;
				CLANG_CXX_LANGUAGE_STANDARD = "gnu++0x";
				CLANG_CXX_LIBRARY = "libc++";
				CLANG_ENABLE_OBJC_ARC = YES;
				CLANG_WARN_CONSTANT_CONVERSION = YES;
				CLANG_WARN_EMPTY_BODY = YES;
				CLANG_WARN_ENUM_CONVERSION = YES;
				CLANG_WARN_INT_CONVERSION = YES;
				CLANG_WARN__DUPLICATE_METHOD_MATCH = YES;
				"CODE_SIGN_IDENTITY[sdk=iphoneos*]" = "iPhone Developer";
				COPY_PHASE_STRIP = YES;
				GCC_C_LANGUAGE_STANDARD = gnu99;
				GCC_WARN_ABOUT_RETURN_TYPE = YES;
				GCC_WARN_UNINITIALIZED_AUTOS = YES;
				GCC_WARN_UNUSED_VARIABLE = YES;
				IPHONEOS_DEPLOYMENT_TARGET = 6.1;
				OTHER_CFLAGS = "-DNS_BLOCK_ASSERTIONS=1";
				SDKROOT = iphoneos;
				TARGETED_DEVICE_FAMILY = "1,2";
				VALIDATE_PRODUCT = YES;
			};
			name = Release;
		};
		6C972B5D17550AF4007234B6 /* Debug */ = {
			isa = XCBuildConfiguration;
			buildSettings = {
				GCC_PRECOMPILE_PREFIX_HEADER = YES;
				GCC_PREFIX_HEADER = "PlankLink/PlankLink-Prefix.pch";
				INFOPLIST_FILE = "PlankLink/PlankLink-Info.plist";
				PRODUCT_NAME = "$(TARGET_NAME)";
				WRAPPER_EXTENSION = app;
			};
			name = Debug;
		};
		6C972B5E17550AF4007234B6 /* Release */ = {
			isa = XCBuildConfiguration;
			buildSettings = {
				GCC_PRECOMPILE_PREFIX_HEADER = YES;
				GCC_PREFIX_HEADER = "PlankLink/PlankLink-Prefix.pch";
				INFOPLIST_FILE = "PlankLink/PlankLink-Info.plist";
				PRODUCT_NAME = "$(TARGET_NAME)";
				WRAPPER_EXTENSION = app;
			};
			name = Release;
		};
		6C972B6017550AF4007234B6 /* Debug */ = {
			isa = XCBuildConfiguration;
			buildSettings = {
				BUNDLE_LOADER = "$(BUILT_PRODUCTS_DIR)/PlankLink.app/PlankLink";
				FRAMEWORK_SEARCH_PATHS = (
					"\"$(SDKROOT)/Developer/Library/Frameworks\"",
					"\"$(DEVELOPER_LIBRARY_DIR)/Frameworks\"",
				);
				GCC_PRECOMPILE_PREFIX_HEADER = YES;
				GCC_PREFIX_HEADER = "PlankLink/PlankLink-Prefix.pch";
				INFOPLIST_FILE = "PlankLinkTests/PlankLinkTests-Info.plist";
				PRODUCT_NAME = "$(TARGET_NAME)";
				TEST_HOST = "$(BUNDLE_LOADER)";
				WRAPPER_EXTENSION = octest;
			};
			name = Debug;
		};
		6C972B6117550AF4007234B6 /* Release */ = {
			isa = XCBuildConfiguration;
			buildSettings = {
				BUNDLE_LOADER = "$(BUILT_PRODUCTS_DIR)/PlankLink.app/PlankLink";
				FRAMEWORK_SEARCH_PATHS = (
					"\"$(SDKROOT)/Developer/Library/Frameworks\"",
					"\"$(DEVELOPER_LIBRARY_DIR)/Frameworks\"",
				);
				GCC_PRECOMPILE_PREFIX_HEADER = YES;
				GCC_PREFIX_HEADER = "PlankLink/PlankLink-Prefix.pch";
				INFOPLIST_FILE = "PlankLinkTests/PlankLinkTests-Info.plist";
				PRODUCT_NAME = "$(TARGET_NAME)";
				TEST_HOST = "$(BUNDLE_LOADER)";
				WRAPPER_EXTENSION = octest;
			};
			name = Release;
		};
/* End XCBuildConfiguration section */

/* Begin XCConfigurationList section */
		6C972B1C17550AF3007234B6 /* Build configuration list for PBXProject "PlankLink" */ = {
			isa = XCConfigurationList;
			buildConfigurations = (
				6C972B5A17550AF4007234B6 /* Debug */,
				6C972B5B17550AF4007234B6 /* Release */,
			);
			defaultConfigurationIsVisible = 0;
			defaultConfigurationName = Release;
		};
		6C972B5C17550AF4007234B6 /* Build configuration list for PBXNativeTarget "PlankLink" */ = {
			isa = XCConfigurationList;
			buildConfigurations = (
				6C972B5D17550AF4007234B6 /* Debug */,
				6C972B5E17550AF4007234B6 /* Release */,
			);
			defaultConfigurationIsVisible = 0;
		};
		6C972B5F17550AF4007234B6 /* Build configuration list for PBXNativeTarget "PlankLinkTests" */ = {
			isa = XCConfigurationList;
			buildConfigurations = (
				6C972B6017550AF4007234B6 /* Debug */,
				6C972B6117550AF4007234B6 /* Release */,
			);
			defaultConfigurationIsVisible = 0;
		};
/* End XCConfigurationList section */
	};
	rootObject = 6C972B1917550AF3007234B6 /* Project object */;
}
