// !$*UTF8*$!
{
	archiveVersion = 1;
	classes = {
	};
	objectVersion = 46;
	objects = {

/* Begin PBXBuildFile section */
		6C487C001795BEFE007EE2B5 /* PLLoginViewController.m in Sources */ = {isa = PBXBuildFile; fileRef = 6C487BFF1795BEFE007EE2B5 /* PLLoginViewController.m */; };
		6C487C021795C50E007EE2B5 /* libz.dylib in Frameworks */ = {isa = PBXBuildFile; fileRef = 6C487C011795C50E007EE2B5 /* libz.dylib */; };
		6C487C091795DEAA007EE2B5 /* PLSerialInputViewController.m in Sources */ = {isa = PBXBuildFile; fileRef = 6C487C081795DEAA007EE2B5 /* PLSerialInputViewController.m */; };
		6C487C0C1795DEBD007EE2B5 /* PLLocationInputViewController.m in Sources */ = {isa = PBXBuildFile; fileRef = 6C487C0B1795DEBD007EE2B5 /* PLLocationInputViewController.m */; };
		6C487C0F1795DECE007EE2B5 /* PLInformationViewController.m in Sources */ = {isa = PBXBuildFile; fileRef = 6C487C0E1795DECE007EE2B5 /* PLInformationViewController.m */; };
		6C487C141795F0DD007EE2B5 /* MapKit.framework in Frameworks */ = {isa = PBXBuildFile; fileRef = 6C487C131795F0DD007EE2B5 /* MapKit.framework */; };
		6C487C191795F3FD007EE2B5 /* PLAddFirstPlantViewController.m in Sources */ = {isa = PBXBuildFile; fileRef = 6C487C181795F3FD007EE2B5 /* PLAddFirstPlantViewController.m */; };
		6C487C1D1795F882007EE2B5 /* PLUserHomeViewController.m in Sources */ = {isa = PBXBuildFile; fileRef = 6C487C1C1795F882007EE2B5 /* PLUserHomeViewController.m */; };
		6C753EA21797292600A47600 /* PLScheduleViewController.m in Sources */ = {isa = PBXBuildFile; fileRef = 6C753EA11797292600A47600 /* PLScheduleViewController.m */; };
		6C7B5600179EE7AB0076B07E /* PLMenuButton.m in Sources */ = {isa = PBXBuildFile; fileRef = 6C7B55FF179EE7AB0076B07E /* PLMenuButton.m */; };
		6C7B5605179EF5C50076B07E /* PLPlantDetailViewController.m in Sources */ = {isa = PBXBuildFile; fileRef = 6C7B5604179EF5C50076B07E /* PLPlantDetailViewController.m */; };
		6C8CA3D6175664610019FC4B /* PLBaseStationModel.m in Sources */ = {isa = PBXBuildFile; fileRef = 6C8CA3D5175664610019FC4B /* PLBaseStationModel.m */; };
		6C8CA3D9175664790019FC4B /* PLPlantModel.m in Sources */ = {isa = PBXBuildFile; fileRef = 6C8CA3D8175664790019FC4B /* PLPlantModel.m */; };
		6C8CA3DC175664890019FC4B /* PLPlantMeasurementModel.m in Sources */ = {isa = PBXBuildFile; fileRef = 6C8CA3DB175664890019FC4B /* PLPlantMeasurementModel.m */; };
		6C8CA3E2175664E90019FC4B /* PLPlantTypeModel.m in Sources */ = {isa = PBXBuildFile; fileRef = 6C8CA3E1175664E90019FC4B /* PLPlantTypeModel.m */; };
		6C8CA3E5175664F70019FC4B /* PLValveModel.m in Sources */ = {isa = PBXBuildFile; fileRef = 6C8CA3E4175664F70019FC4B /* PLValveModel.m */; };
		6C8CA3E8175665040019FC4B /* PLUserModel.m in Sources */ = {isa = PBXBuildFile; fileRef = 6C8CA3E7175665040019FC4B /* PLUserModel.m */; };
		6C8CA3EB1756650F0019FC4B /* PLSoilModel.m in Sources */ = {isa = PBXBuildFile; fileRef = 6C8CA3EA1756650F0019FC4B /* PLSoilModel.m */; };
		6C8CA3F1175667A80019FC4B /* PLUserManager.m in Sources */ = {isa = PBXBuildFile; fileRef = 6C8CA3F0175667A80019FC4B /* PLUserManager.m */; };
		6C8CA3F81756681F0019FC4B /* PLBaseStationRequest.m in Sources */ = {isa = PBXBuildFile; fileRef = 6C8CA3F71756681F0019FC4B /* PLBaseStationRequest.m */; };
		6C8CA3FB1756682B0019FC4B /* PLMeasurementRequest.m in Sources */ = {isa = PBXBuildFile; fileRef = 6C8CA3FA1756682B0019FC4B /* PLMeasurementRequest.m */; };
		6C8CA3FE175668400019FC4B /* PLPlantRequest.m in Sources */ = {isa = PBXBuildFile; fileRef = 6C8CA3FD175668400019FC4B /* PLPlantRequest.m */; };
		6C8CA4011756684E0019FC4B /* PLPlantTypeRequest.m in Sources */ = {isa = PBXBuildFile; fileRef = 6C8CA4001756684E0019FC4B /* PLPlantTypeRequest.m */; };
		6C8CA4041756685B0019FC4B /* PLValveRequest.m in Sources */ = {isa = PBXBuildFile; fileRef = 6C8CA4031756685B0019FC4B /* PLValveRequest.m */; };
		6C8CA407175668690019FC4B /* PLUserRequest.m in Sources */ = {isa = PBXBuildFile; fileRef = 6C8CA406175668690019FC4B /* PLUserRequest.m */; };
		6C8CA40A1756687C0019FC4B /* PLSoilTypeRequest.m in Sources */ = {isa = PBXBuildFile; fileRef = 6C8CA4091756687C0019FC4B /* PLSoilTypeRequest.m */; };
		6C8CA4101756692C0019FC4B /* PLAbstractViewController.m in Sources */ = {isa = PBXBuildFile; fileRef = 6C8CA40F1756692C0019FC4B /* PLAbstractViewController.m */; };
		6C8CA4261756810E0019FC4B /* PLLinkModel.m in Sources */ = {isa = PBXBuildFile; fileRef = 6C8CA4251756810E0019FC4B /* PLLinkModel.m */; };
		6C8CA42D175694580019FC4B /* SystemConfiguration.framework in Frameworks */ = {isa = PBXBuildFile; fileRef = 6C8CA42B175694490019FC4B /* SystemConfiguration.framework */; };
		6C972B6F17550B4B007234B6 /* UIKit.framework in Frameworks */ = {isa = PBXBuildFile; fileRef = 6C972B6E17550B4B007234B6 /* UIKit.framework */; };
		6C972B7117550B4B007234B6 /* Foundation.framework in Frameworks */ = {isa = PBXBuildFile; fileRef = 6C972B7017550B4B007234B6 /* Foundation.framework */; };
		6C972B7317550B4B007234B6 /* CoreGraphics.framework in Frameworks */ = {isa = PBXBuildFile; fileRef = 6C972B7217550B4B007234B6 /* CoreGraphics.framework */; };
		6C972B7917550B4B007234B6 /* InfoPlist.strings in Resources */ = {isa = PBXBuildFile; fileRef = 6C972B7717550B4B007234B6 /* InfoPlist.strings */; };
		6C972B7B17550B4B007234B6 /* main.m in Sources */ = {isa = PBXBuildFile; fileRef = 6C972B7A17550B4B007234B6 /* main.m */; };
		6C972B7F17550B4B007234B6 /* PLAppDelegate.m in Sources */ = {isa = PBXBuildFile; fileRef = 6C972B7E17550B4B007234B6 /* PLAppDelegate.m */; };
		6C972B8117550B4B007234B6 /* Default.png in Resources */ = {isa = PBXBuildFile; fileRef = 6C972B8017550B4B007234B6 /* Default.png */; };
		6C972B8317550B4B007234B6 /* Default@2x.png in Resources */ = {isa = PBXBuildFile; fileRef = 6C972B8217550B4B007234B6 /* Default@2x.png */; };
		6C972B8517550B4B007234B6 /* Default-568h@2x.png in Resources */ = {isa = PBXBuildFile; fileRef = 6C972B8417550B4B007234B6 /* Default-568h@2x.png */; };
		6C972B8817550B4B007234B6 /* MainStoryboard_iPhone.storyboard in Resources */ = {isa = PBXBuildFile; fileRef = 6C972B8617550B4B007234B6 /* MainStoryboard_iPhone.storyboard */; };
		6C972B8B17550B4B007234B6 /* MainStoryboard_iPad.storyboard in Resources */ = {isa = PBXBuildFile; fileRef = 6C972B8917550B4B007234B6 /* MainStoryboard_iPad.storyboard */; };
		6C972B9617550B4C007234B6 /* SenTestingKit.framework in Frameworks */ = {isa = PBXBuildFile; fileRef = 6C972B9517550B4C007234B6 /* SenTestingKit.framework */; };
		6C972B9717550B4C007234B6 /* UIKit.framework in Frameworks */ = {isa = PBXBuildFile; fileRef = 6C972B6E17550B4B007234B6 /* UIKit.framework */; };
		6C972B9817550B4C007234B6 /* Foundation.framework in Frameworks */ = {isa = PBXBuildFile; fileRef = 6C972B7017550B4B007234B6 /* Foundation.framework */; };
		6C972BA017550B4C007234B6 /* InfoPlist.strings in Resources */ = {isa = PBXBuildFile; fileRef = 6C972B9E17550B4C007234B6 /* InfoPlist.strings */; };
		6C972BA317550B4C007234B6 /* PlantLinkTests.m in Sources */ = {isa = PBXBuildFile; fileRef = 6C972BA217550B4C007234B6 /* PlantLinkTests.m */; };
		6C972BF71755634C007234B6 /* icon_57.png in Resources */ = {isa = PBXBuildFile; fileRef = 6C972BF61755634C007234B6 /* icon_57.png */; };
		6C972BF91755634E007234B6 /* icon_114.png in Resources */ = {isa = PBXBuildFile; fileRef = 6C972BF81755634E007234B6 /* icon_114.png */; };
		6C9C0DD4175E744300864EF1 /* Localizable.strings in Resources */ = {isa = PBXBuildFile; fileRef = 6C9C0DD6175E744300864EF1 /* Localizable.strings */; };
		6C9C633A1772123100992D27 /* PLLinkRequest.m in Sources */ = {isa = PBXBuildFile; fileRef = 6C9C63391772123100992D27 /* PLLinkRequest.m */; };
		6CB86FB7175D560F00B18213 /* libService-CodeBase.a in Frameworks */ = {isa = PBXBuildFile; fileRef = 6CB86FB4175D55FA00B18213 /* libService-CodeBase.a */; };
		6CB8711C175E4FF100B18213 /* ModelTests.strings in Resources */ = {isa = PBXBuildFile; fileRef = 6CB8711B175E4FF100B18213 /* ModelTests.strings */; };
		6CB8711E175E54E100B18213 /* libService-CodeBase.a in Frameworks */ = {isa = PBXBuildFile; fileRef = 6CB86FB4175D55FA00B18213 /* libService-CodeBase.a */; };
		6CBCC4961779EEC000527961 /* QuartzCore.framework in Frameworks */ = {isa = PBXBuildFile; fileRef = 6CBCC4951779EEC000527961 /* QuartzCore.framework */; };
		6CBCC49E1779F1B800527961 /* PLTextField.m in Sources */ = {isa = PBXBuildFile; fileRef = 6CBCC49D1779F1B800527961 /* PLTextField.m */; };
		6CBCC4A31779F6EA00527961 /* bariol_bold.ttf in Resources */ = {isa = PBXBuildFile; fileRef = 6CBCC4A01779F6EA00527961 /* bariol_bold.ttf */; };
		6CBCC4A41779F6EA00527961 /* bariol_light.ttf in Resources */ = {isa = PBXBuildFile; fileRef = 6CBCC4A11779F6EA00527961 /* bariol_light.ttf */; };
		6CBCC4A51779F6EA00527961 /* bariol_thin.ttf in Resources */ = {isa = PBXBuildFile; fileRef = 6CBCC4A21779F6EA00527961 /* bariol_thin.ttf */; };
		6CBCC4AA1779FC6A00527961 /* bariol_bold.ttf in Resources */ = {isa = PBXBuildFile; fileRef = 6CBCC4A01779F6EA00527961 /* bariol_bold.ttf */; };
		6CBCC4AB1779FC6C00527961 /* bariol_light.ttf in Resources */ = {isa = PBXBuildFile; fileRef = 6CBCC4A11779F6EA00527961 /* bariol_light.ttf */; };
		6CBCC4AC1779FC6F00527961 /* bariol_thin.ttf in Resources */ = {isa = PBXBuildFile; fileRef = 6CBCC4A21779F6EA00527961 /* bariol_thin.ttf */; };
		6CBCC4C4177A3A0A00527961 /* navigation_back@2x.png in Resources */ = {isa = PBXBuildFile; fileRef = 6CBCC4C3177A3A0A00527961 /* navigation_back@2x.png */; };
		6CBCC4C6177A3A1000527961 /* navigation_back.png in Resources */ = {isa = PBXBuildFile; fileRef = 6CBCC4C5177A3A1000527961 /* navigation_back.png */; };
		6CE3CE9A1796F9E600618892 /* PLPlantViewController.m in Sources */ = {isa = PBXBuildFile; fileRef = 6CE3CE991796F9E600618892 /* PLPlantViewController.m */; };
		6CE3CE9E1796FA6300618892 /* PLPlantCell.m in Sources */ = {isa = PBXBuildFile; fileRef = 6CE3CE9D1796FA6300618892 /* PLPlantCell.m */; };
		6CE3CEA917970E7900618892 /* PLPlantTypeSelectViewController.m in Sources */ = {isa = PBXBuildFile; fileRef = 6CE3CEA817970E7900618892 /* PLPlantTypeSelectViewController.m */; };
		6CE3CEAC17970E9200618892 /* PLSoilTypeSelectViewController.m in Sources */ = {isa = PBXBuildFile; fileRef = 6CE3CEAB17970E9200618892 /* PLSoilTypeSelectViewController.m */; };
		6CE3CEAF17970EAE00618892 /* PLPlantNicknameSelectViewController.m in Sources */ = {isa = PBXBuildFile; fileRef = 6CE3CEAE17970EAE00618892 /* PLPlantNicknameSelectViewController.m */; };
		6CE3CEB217970ED400618892 /* PLBaseStationSyncViewController.m in Sources */ = {isa = PBXBuildFile; fileRef = 6CE3CEB117970ED400618892 /* PLBaseStationSyncViewController.m */; };
		6CE3CEB517970EED00618892 /* PLPlantLinkSyncViewController.m in Sources */ = {isa = PBXBuildFile; fileRef = 6CE3CEB417970EED00618892 /* PLPlantLinkSyncViewController.m */; };
		6CE3CEB817970F0700618892 /* PLAddValveToPlantViewController.m in Sources */ = {isa = PBXBuildFile; fileRef = 6CE3CEB717970F0700618892 /* PLAddValveToPlantViewController.m */; };
		6CE3CEBA179720AF00618892 /* CoreLocation.framework in Frameworks */ = {isa = PBXBuildFile; fileRef = 6CE3CEB9179720AF00618892 /* CoreLocation.framework */; };
		6CE3CEC41797257500618892 /* PLSettingsViewController.m in Sources */ = {isa = PBXBuildFile; fileRef = 6CE3CEC31797257500618892 /* PLSettingsViewController.m */; };
		6CE3CEC71797258800618892 /* PLNotificationsViewController.m in Sources */ = {isa = PBXBuildFile; fileRef = 6CE3CEC61797258800618892 /* PLNotificationsViewController.m */; };
		6CF2FDEB178CC863004A50DF /* PLHomeViewController.m in Sources */ = {isa = PBXBuildFile; fileRef = 6CF2FDEA178CC863004A50DF /* PLHomeViewController.m */; };
/* End PBXBuildFile section */

/* Begin PBXContainerItemProxy section */
		6C972B9917550B4C007234B6 /* PBXContainerItemProxy */ = {
			isa = PBXContainerItemProxy;
			containerPortal = 6C972B6317550B4B007234B6 /* Project object */;
			proxyType = 1;
			remoteGlobalIDString = 6C972B6A17550B4B007234B6;
			remoteInfo = PlantLink;
		};
/* End PBXContainerItemProxy section */

/* Begin PBXFileReference section */
		6C487BFE1795BEFE007EE2B5 /* PLLoginViewController.h */ = {isa = PBXFileReference; fileEncoding = 4; lastKnownFileType = sourcecode.c.h; name = PLLoginViewController.h; path = Classes/ViewControllers/iPhone/LoginSequence/Login/PLLoginViewController.h; sourceTree = "<group>"; };
		6C487BFF1795BEFE007EE2B5 /* PLLoginViewController.m */ = {isa = PBXFileReference; fileEncoding = 4; lastKnownFileType = sourcecode.c.objc; name = PLLoginViewController.m; path = Classes/ViewControllers/iPhone/LoginSequence/Login/PLLoginViewController.m; sourceTree = "<group>"; };
		6C487C011795C50E007EE2B5 /* libz.dylib */ = {isa = PBXFileReference; lastKnownFileType = "compiled.mach-o.dylib"; name = libz.dylib; path = usr/lib/libz.dylib; sourceTree = SDKROOT; };
		6C487C071795DEAA007EE2B5 /* PLSerialInputViewController.h */ = {isa = PBXFileReference; fileEncoding = 4; lastKnownFileType = sourcecode.c.h; name = PLSerialInputViewController.h; path = Classes/ViewControllers/iPhone/LoginSequence/SerialInput/PLSerialInputViewController.h; sourceTree = "<group>"; };
		6C487C081795DEAA007EE2B5 /* PLSerialInputViewController.m */ = {isa = PBXFileReference; fileEncoding = 4; lastKnownFileType = sourcecode.c.objc; name = PLSerialInputViewController.m; path = Classes/ViewControllers/iPhone/LoginSequence/SerialInput/PLSerialInputViewController.m; sourceTree = "<group>"; };
		6C487C0A1795DEBD007EE2B5 /* PLLocationInputViewController.h */ = {isa = PBXFileReference; fileEncoding = 4; lastKnownFileType = sourcecode.c.h; name = PLLocationInputViewController.h; path = Classes/ViewControllers/iPhone/LoginSequence/LocationInput/PLLocationInputViewController.h; sourceTree = "<group>"; };
		6C487C0B1795DEBD007EE2B5 /* PLLocationInputViewController.m */ = {isa = PBXFileReference; fileEncoding = 4; lastKnownFileType = sourcecode.c.objc; name = PLLocationInputViewController.m; path = Classes/ViewControllers/iPhone/LoginSequence/LocationInput/PLLocationInputViewController.m; sourceTree = "<group>"; };
		6C487C0D1795DECE007EE2B5 /* PLInformationViewController.h */ = {isa = PBXFileReference; fileEncoding = 4; lastKnownFileType = sourcecode.c.h; name = PLInformationViewController.h; path = Classes/ViewControllers/iPhone/LoginSequence/Information/PLInformationViewController.h; sourceTree = "<group>"; };
		6C487C0E1795DECE007EE2B5 /* PLInformationViewController.m */ = {isa = PBXFileReference; fileEncoding = 4; lastKnownFileType = sourcecode.c.objc; name = PLInformationViewController.m; path = Classes/ViewControllers/iPhone/LoginSequence/Information/PLInformationViewController.m; sourceTree = "<group>"; };
		6C487C131795F0DD007EE2B5 /* MapKit.framework */ = {isa = PBXFileReference; lastKnownFileType = wrapper.framework; name = MapKit.framework; path = System/Library/Frameworks/MapKit.framework; sourceTree = SDKROOT; };
		6C487C171795F3FD007EE2B5 /* PLAddFirstPlantViewController.h */ = {isa = PBXFileReference; fileEncoding = 4; lastKnownFileType = sourcecode.c.h; name = PLAddFirstPlantViewController.h; path = Classes/ViewControllers/iPhone/LoginSequence/AddFirstPlant/PLAddFirstPlantViewController.h; sourceTree = "<group>"; };
		6C487C181795F3FD007EE2B5 /* PLAddFirstPlantViewController.m */ = {isa = PBXFileReference; fileEncoding = 4; lastKnownFileType = sourcecode.c.objc; name = PLAddFirstPlantViewController.m; path = Classes/ViewControllers/iPhone/LoginSequence/AddFirstPlant/PLAddFirstPlantViewController.m; sourceTree = "<group>"; };
		6C487C1B1795F882007EE2B5 /* PLUserHomeViewController.h */ = {isa = PBXFileReference; fileEncoding = 4; lastKnownFileType = sourcecode.c.h; name = PLUserHomeViewController.h; path = Classes/ViewControllers/iPhone/UserHomeSequence/UserHome/PLUserHomeViewController.h; sourceTree = "<group>"; };
		6C487C1C1795F882007EE2B5 /* PLUserHomeViewController.m */ = {isa = PBXFileReference; fileEncoding = 4; lastKnownFileType = sourcecode.c.objc; name = PLUserHomeViewController.m; path = Classes/ViewControllers/iPhone/UserHomeSequence/UserHome/PLUserHomeViewController.m; sourceTree = "<group>"; };
		6C753EA01797292600A47600 /* PLScheduleViewController.h */ = {isa = PBXFileReference; fileEncoding = 4; lastKnownFileType = sourcecode.c.h; name = PLScheduleViewController.h; path = Classes/ViewControllers/iPhone/UserHomeSequence/Schedule/PLScheduleViewController.h; sourceTree = "<group>"; };
		6C753EA11797292600A47600 /* PLScheduleViewController.m */ = {isa = PBXFileReference; fileEncoding = 4; lastKnownFileType = sourcecode.c.objc; name = PLScheduleViewController.m; path = Classes/ViewControllers/iPhone/UserHomeSequence/Schedule/PLScheduleViewController.m; sourceTree = "<group>"; };
		6C7B55FE179EE7AB0076B07E /* PLMenuButton.h */ = {isa = PBXFileReference; fileEncoding = 4; lastKnownFileType = sourcecode.c.h; name = PLMenuButton.h; path = Classes/UIElements/Buttons/Menu/PLMenuButton.h; sourceTree = "<group>"; };
		6C7B55FF179EE7AB0076B07E /* PLMenuButton.m */ = {isa = PBXFileReference; fileEncoding = 4; lastKnownFileType = sourcecode.c.objc; name = PLMenuButton.m; path = Classes/UIElements/Buttons/Menu/PLMenuButton.m; sourceTree = "<group>"; };
		6C7B5603179EF5C50076B07E /* PLPlantDetailViewController.h */ = {isa = PBXFileReference; fileEncoding = 4; lastKnownFileType = sourcecode.c.h; name = PLPlantDetailViewController.h; path = Classes/ViewControllers/iPhone/UserHomeSequence/PlantSequence/PlantDetail/PLPlantDetailViewController.h; sourceTree = "<group>"; };
		6C7B5604179EF5C50076B07E /* PLPlantDetailViewController.m */ = {isa = PBXFileReference; fileEncoding = 4; lastKnownFileType = sourcecode.c.objc; name = PLPlantDetailViewController.m; path = Classes/ViewControllers/iPhone/UserHomeSequence/PlantSequence/PlantDetail/PLPlantDetailViewController.m; sourceTree = "<group>"; };
		6C8CA3D4175664610019FC4B /* PLBaseStationModel.h */ = {isa = PBXFileReference; fileEncoding = 4; lastKnownFileType = sourcecode.c.h; name = PLBaseStationModel.h; path = Classes/Models/BaseStation/PLBaseStationModel.h; sourceTree = "<group>"; };
		6C8CA3D5175664610019FC4B /* PLBaseStationModel.m */ = {isa = PBXFileReference; fileEncoding = 4; lastKnownFileType = sourcecode.c.objc; name = PLBaseStationModel.m; path = Classes/Models/BaseStation/PLBaseStationModel.m; sourceTree = "<group>"; };
		6C8CA3D7175664790019FC4B /* PLPlantModel.h */ = {isa = PBXFileReference; fileEncoding = 4; lastKnownFileType = sourcecode.c.h; name = PLPlantModel.h; path = Classes/Models/Plant/PLPlantModel.h; sourceTree = "<group>"; };
		6C8CA3D8175664790019FC4B /* PLPlantModel.m */ = {isa = PBXFileReference; fileEncoding = 4; lastKnownFileType = sourcecode.c.objc; name = PLPlantModel.m; path = Classes/Models/Plant/PLPlantModel.m; sourceTree = "<group>"; };
		6C8CA3DA175664890019FC4B /* PLPlantMeasurementModel.h */ = {isa = PBXFileReference; fileEncoding = 4; lastKnownFileType = sourcecode.c.h; name = PLPlantMeasurementModel.h; path = Classes/Models/PlantMeasurement/PLPlantMeasurementModel.h; sourceTree = "<group>"; };
		6C8CA3DB175664890019FC4B /* PLPlantMeasurementModel.m */ = {isa = PBXFileReference; fileEncoding = 4; lastKnownFileType = sourcecode.c.objc; name = PLPlantMeasurementModel.m; path = Classes/Models/PlantMeasurement/PLPlantMeasurementModel.m; sourceTree = "<group>"; };
		6C8CA3E0175664E90019FC4B /* PLPlantTypeModel.h */ = {isa = PBXFileReference; fileEncoding = 4; lastKnownFileType = sourcecode.c.h; name = PLPlantTypeModel.h; path = Classes/Models/PlantType/PLPlantTypeModel.h; sourceTree = "<group>"; };
		6C8CA3E1175664E90019FC4B /* PLPlantTypeModel.m */ = {isa = PBXFileReference; fileEncoding = 4; lastKnownFileType = sourcecode.c.objc; name = PLPlantTypeModel.m; path = Classes/Models/PlantType/PLPlantTypeModel.m; sourceTree = "<group>"; };
		6C8CA3E3175664F70019FC4B /* PLValveModel.h */ = {isa = PBXFileReference; fileEncoding = 4; lastKnownFileType = sourcecode.c.h; name = PLValveModel.h; path = Classes/Models/Valves/PLValveModel.h; sourceTree = "<group>"; };
		6C8CA3E4175664F70019FC4B /* PLValveModel.m */ = {isa = PBXFileReference; fileEncoding = 4; lastKnownFileType = sourcecode.c.objc; name = PLValveModel.m; path = Classes/Models/Valves/PLValveModel.m; sourceTree = "<group>"; };
		6C8CA3E6175665040019FC4B /* PLUserModel.h */ = {isa = PBXFileReference; fileEncoding = 4; lastKnownFileType = sourcecode.c.h; name = PLUserModel.h; path = Classes/Models/User/PLUserModel.h; sourceTree = "<group>"; };
		6C8CA3E7175665040019FC4B /* PLUserModel.m */ = {isa = PBXFileReference; fileEncoding = 4; lastKnownFileType = sourcecode.c.objc; name = PLUserModel.m; path = Classes/Models/User/PLUserModel.m; sourceTree = "<group>"; };
		6C8CA3E91756650F0019FC4B /* PLSoilModel.h */ = {isa = PBXFileReference; fileEncoding = 4; lastKnownFileType = sourcecode.c.h; name = PLSoilModel.h; path = Classes/Models/Soil/PLSoilModel.h; sourceTree = "<group>"; };
		6C8CA3EA1756650F0019FC4B /* PLSoilModel.m */ = {isa = PBXFileReference; fileEncoding = 4; lastKnownFileType = sourcecode.c.objc; name = PLSoilModel.m; path = Classes/Models/Soil/PLSoilModel.m; sourceTree = "<group>"; };
		6C8CA3EF175667A80019FC4B /* PLUserManager.h */ = {isa = PBXFileReference; fileEncoding = 4; lastKnownFileType = sourcecode.c.h; name = PLUserManager.h; path = Classes/Managers/User/PLUserManager.h; sourceTree = "<group>"; };
		6C8CA3F0175667A80019FC4B /* PLUserManager.m */ = {isa = PBXFileReference; fileEncoding = 4; lastKnownFileType = sourcecode.c.objc; name = PLUserManager.m; path = Classes/Managers/User/PLUserManager.m; sourceTree = "<group>"; };
		6C8CA3F61756681F0019FC4B /* PLBaseStationRequest.h */ = {isa = PBXFileReference; fileEncoding = 4; lastKnownFileType = sourcecode.c.h; name = PLBaseStationRequest.h; path = Classes/Requests/BaseStation/PLBaseStationRequest.h; sourceTree = "<group>"; };
		6C8CA3F71756681F0019FC4B /* PLBaseStationRequest.m */ = {isa = PBXFileReference; fileEncoding = 4; lastKnownFileType = sourcecode.c.objc; name = PLBaseStationRequest.m; path = Classes/Requests/BaseStation/PLBaseStationRequest.m; sourceTree = "<group>"; };
		6C8CA3F91756682B0019FC4B /* PLMeasurementRequest.h */ = {isa = PBXFileReference; fileEncoding = 4; lastKnownFileType = sourcecode.c.h; name = PLMeasurementRequest.h; path = Classes/Requests/Measurement/PLMeasurementRequest.h; sourceTree = "<group>"; };
		6C8CA3FA1756682B0019FC4B /* PLMeasurementRequest.m */ = {isa = PBXFileReference; fileEncoding = 4; lastKnownFileType = sourcecode.c.objc; name = PLMeasurementRequest.m; path = Classes/Requests/Measurement/PLMeasurementRequest.m; sourceTree = "<group>"; };
		6C8CA3FC175668400019FC4B /* PLPlantRequest.h */ = {isa = PBXFileReference; fileEncoding = 4; lastKnownFileType = sourcecode.c.h; name = PLPlantRequest.h; path = Classes/Requests/Plant/PLPlantRequest.h; sourceTree = "<group>"; };
		6C8CA3FD175668400019FC4B /* PLPlantRequest.m */ = {isa = PBXFileReference; fileEncoding = 4; lastKnownFileType = sourcecode.c.objc; name = PLPlantRequest.m; path = Classes/Requests/Plant/PLPlantRequest.m; sourceTree = "<group>"; };
		6C8CA3FF1756684E0019FC4B /* PLPlantTypeRequest.h */ = {isa = PBXFileReference; fileEncoding = 4; lastKnownFileType = sourcecode.c.h; name = PLPlantTypeRequest.h; path = Classes/Requests/PlantType/PLPlantTypeRequest.h; sourceTree = "<group>"; };
		6C8CA4001756684E0019FC4B /* PLPlantTypeRequest.m */ = {isa = PBXFileReference; fileEncoding = 4; lastKnownFileType = sourcecode.c.objc; name = PLPlantTypeRequest.m; path = Classes/Requests/PlantType/PLPlantTypeRequest.m; sourceTree = "<group>"; };
		6C8CA4021756685B0019FC4B /* PLValveRequest.h */ = {isa = PBXFileReference; fileEncoding = 4; lastKnownFileType = sourcecode.c.h; name = PLValveRequest.h; path = Classes/Requests/Valve/PLValveRequest.h; sourceTree = "<group>"; };
		6C8CA4031756685B0019FC4B /* PLValveRequest.m */ = {isa = PBXFileReference; fileEncoding = 4; lastKnownFileType = sourcecode.c.objc; name = PLValveRequest.m; path = Classes/Requests/Valve/PLValveRequest.m; sourceTree = "<group>"; };
		6C8CA405175668690019FC4B /* PLUserRequest.h */ = {isa = PBXFileReference; fileEncoding = 4; lastKnownFileType = sourcecode.c.h; name = PLUserRequest.h; path = Classes/Requests/User/PLUserRequest.h; sourceTree = "<group>"; };
		6C8CA406175668690019FC4B /* PLUserRequest.m */ = {isa = PBXFileReference; fileEncoding = 4; lastKnownFileType = sourcecode.c.objc; name = PLUserRequest.m; path = Classes/Requests/User/PLUserRequest.m; sourceTree = "<group>"; };
		6C8CA4081756687C0019FC4B /* PLSoilTypeRequest.h */ = {isa = PBXFileReference; fileEncoding = 4; lastKnownFileType = sourcecode.c.h; name = PLSoilTypeRequest.h; path = Classes/Requests/SoilType/PLSoilTypeRequest.h; sourceTree = "<group>"; };
		6C8CA4091756687C0019FC4B /* PLSoilTypeRequest.m */ = {isa = PBXFileReference; fileEncoding = 4; lastKnownFileType = sourcecode.c.objc; name = PLSoilTypeRequest.m; path = Classes/Requests/SoilType/PLSoilTypeRequest.m; sourceTree = "<group>"; };
		6C8CA40E1756692C0019FC4B /* PLAbstractViewController.h */ = {isa = PBXFileReference; fileEncoding = 4; lastKnownFileType = sourcecode.c.h; name = PLAbstractViewController.h; path = Classes/ViewControllers/Abstract/PLAbstractViewController.h; sourceTree = "<group>"; };
		6C8CA40F1756692C0019FC4B /* PLAbstractViewController.m */ = {isa = PBXFileReference; fileEncoding = 4; lastKnownFileType = sourcecode.c.objc; name = PLAbstractViewController.m; path = Classes/ViewControllers/Abstract/PLAbstractViewController.m; sourceTree = "<group>"; };
		6C8CA41D17567AAF0019FC4B /* PLProjectConstants.h */ = {isa = PBXFileReference; fileEncoding = 4; lastKnownFileType = sourcecode.c.h; name = PLProjectConstants.h; path = Classes/Constants/PLProjectConstants.h; sourceTree = "<group>"; };
		6C8CA42017567AC20019FC4B /* PLDesignConstants.h */ = {isa = PBXFileReference; fileEncoding = 4; lastKnownFileType = sourcecode.c.h; name = PLDesignConstants.h; path = Classes/Constants/PLDesignConstants.h; sourceTree = "<group>"; };
		6C8CA4241756810E0019FC4B /* PLLinkModel.h */ = {isa = PBXFileReference; fileEncoding = 4; lastKnownFileType = sourcecode.c.h; name = PLLinkModel.h; path = Classes/Models/Link/PLLinkModel.h; sourceTree = "<group>"; };
		6C8CA4251756810E0019FC4B /* PLLinkModel.m */ = {isa = PBXFileReference; fileEncoding = 4; lastKnownFileType = sourcecode.c.objc; name = PLLinkModel.m; path = Classes/Models/Link/PLLinkModel.m; sourceTree = "<group>"; };
		6C8CA42B175694490019FC4B /* SystemConfiguration.framework */ = {isa = PBXFileReference; lastKnownFileType = wrapper.framework; name = SystemConfiguration.framework; path = System/Library/Frameworks/SystemConfiguration.framework; sourceTree = SDKROOT; };
		6C972B6B17550B4B007234B6 /* PlantLink.app */ = {isa = PBXFileReference; explicitFileType = wrapper.application; includeInIndex = 0; path = PlantLink.app; sourceTree = BUILT_PRODUCTS_DIR; };
		6C972B6E17550B4B007234B6 /* UIKit.framework */ = {isa = PBXFileReference; lastKnownFileType = wrapper.framework; name = UIKit.framework; path = System/Library/Frameworks/UIKit.framework; sourceTree = SDKROOT; };
		6C972B7017550B4B007234B6 /* Foundation.framework */ = {isa = PBXFileReference; lastKnownFileType = wrapper.framework; name = Foundation.framework; path = System/Library/Frameworks/Foundation.framework; sourceTree = SDKROOT; };
		6C972B7217550B4B007234B6 /* CoreGraphics.framework */ = {isa = PBXFileReference; lastKnownFileType = wrapper.framework; name = CoreGraphics.framework; path = System/Library/Frameworks/CoreGraphics.framework; sourceTree = SDKROOT; };
		6C972B7617550B4B007234B6 /* PlantLink-Info.plist */ = {isa = PBXFileReference; lastKnownFileType = text.plist.xml; path = "PlantLink-Info.plist"; sourceTree = "<group>"; };
		6C972B7817550B4B007234B6 /* en */ = {isa = PBXFileReference; lastKnownFileType = text.plist.strings; name = en; path = en.lproj/InfoPlist.strings; sourceTree = "<group>"; };
		6C972B7A17550B4B007234B6 /* main.m */ = {isa = PBXFileReference; lastKnownFileType = sourcecode.c.objc; path = main.m; sourceTree = "<group>"; };
		6C972B7C17550B4B007234B6 /* PlantLink-Prefix.pch */ = {isa = PBXFileReference; lastKnownFileType = sourcecode.c.h; path = "PlantLink-Prefix.pch"; sourceTree = "<group>"; };
		6C972B7D17550B4B007234B6 /* PLAppDelegate.h */ = {isa = PBXFileReference; lastKnownFileType = sourcecode.c.h; path = PLAppDelegate.h; sourceTree = "<group>"; };
		6C972B7E17550B4B007234B6 /* PLAppDelegate.m */ = {isa = PBXFileReference; lastKnownFileType = sourcecode.c.objc; path = PLAppDelegate.m; sourceTree = "<group>"; };
		6C972B8017550B4B007234B6 /* Default.png */ = {isa = PBXFileReference; lastKnownFileType = image.png; path = Default.png; sourceTree = "<group>"; };
		6C972B8217550B4B007234B6 /* Default@2x.png */ = {isa = PBXFileReference; lastKnownFileType = image.png; path = "Default@2x.png"; sourceTree = "<group>"; };
		6C972B8417550B4B007234B6 /* Default-568h@2x.png */ = {isa = PBXFileReference; lastKnownFileType = image.png; path = "Default-568h@2x.png"; sourceTree = "<group>"; };
		6C972B8717550B4B007234B6 /* en */ = {isa = PBXFileReference; lastKnownFileType = file.storyboard; name = en; path = en.lproj/MainStoryboard_iPhone.storyboard; sourceTree = "<group>"; };
		6C972B8A17550B4B007234B6 /* en */ = {isa = PBXFileReference; lastKnownFileType = file.storyboard; name = en; path = en.lproj/MainStoryboard_iPad.storyboard; sourceTree = "<group>"; };
		6C972B9417550B4C007234B6 /* PlantLinkTests.octest */ = {isa = PBXFileReference; explicitFileType = wrapper.cfbundle; includeInIndex = 0; path = PlantLinkTests.octest; sourceTree = BUILT_PRODUCTS_DIR; };
		6C972B9517550B4C007234B6 /* SenTestingKit.framework */ = {isa = PBXFileReference; lastKnownFileType = wrapper.framework; name = SenTestingKit.framework; path = Library/Frameworks/SenTestingKit.framework; sourceTree = DEVELOPER_DIR; };
		6C972B9D17550B4C007234B6 /* PlantLinkTests-Info.plist */ = {isa = PBXFileReference; lastKnownFileType = text.plist.xml; path = "PlantLinkTests-Info.plist"; sourceTree = "<group>"; };
		6C972B9F17550B4C007234B6 /* en */ = {isa = PBXFileReference; lastKnownFileType = text.plist.strings; name = en; path = en.lproj/InfoPlist.strings; sourceTree = "<group>"; };
		6C972BA117550B4C007234B6 /* PlantLinkTests.h */ = {isa = PBXFileReference; lastKnownFileType = sourcecode.c.h; path = PlantLinkTests.h; sourceTree = "<group>"; };
		6C972BA217550B4C007234B6 /* PlantLinkTests.m */ = {isa = PBXFileReference; lastKnownFileType = sourcecode.c.objc; path = PlantLinkTests.m; sourceTree = "<group>"; };
		6C972BF61755634C007234B6 /* icon_57.png */ = {isa = PBXFileReference; lastKnownFileType = image.png; path = icon_57.png; sourceTree = "<group>"; };
		6C972BF81755634E007234B6 /* icon_114.png */ = {isa = PBXFileReference; lastKnownFileType = image.png; path = icon_114.png; sourceTree = "<group>"; };
		6C9C0DD5175E744300864EF1 /* en */ = {isa = PBXFileReference; lastKnownFileType = text.plist.strings; name = en; path = en.lproj/Localizable.strings; sourceTree = "<group>"; };
		6C9C63381772123100992D27 /* PLLinkRequest.h */ = {isa = PBXFileReference; fileEncoding = 4; lastKnownFileType = sourcecode.c.h; name = PLLinkRequest.h; path = Classes/Requests/Link/PLLinkRequest.h; sourceTree = "<group>"; };
		6C9C63391772123100992D27 /* PLLinkRequest.m */ = {isa = PBXFileReference; fileEncoding = 4; lastKnownFileType = sourcecode.c.objc; name = PLLinkRequest.m; path = Classes/Requests/Link/PLLinkRequest.m; sourceTree = "<group>"; };
		6CB86FB4175D55FA00B18213 /* libService-CodeBase.a */ = {isa = PBXFileReference; lastKnownFileType = archive.ar; name = "libService-CodeBase.a"; path = "../../../../Library/Developer/Xcode/DerivedData/Service-cfzaadrjrbvxhcczpglnxvsmrcex/Build/Products/Debug-iphoneos/libService-CodeBase.a"; sourceTree = "<group>"; };
		6CB8711B175E4FF100B18213 /* ModelTests.strings */ = {isa = PBXFileReference; explicitFileType = text.json; fileEncoding = 4; path = ModelTests.strings; sourceTree = "<group>"; };
		6CBCC4951779EEC000527961 /* QuartzCore.framework */ = {isa = PBXFileReference; lastKnownFileType = wrapper.framework; name = QuartzCore.framework; path = System/Library/Frameworks/QuartzCore.framework; sourceTree = SDKROOT; };
		6CBCC49C1779F1B800527961 /* PLTextField.h */ = {isa = PBXFileReference; fileEncoding = 4; lastKnownFileType = sourcecode.c.h; name = PLTextField.h; path = Classes/UIElements/TextField/PLTextField.h; sourceTree = "<group>"; };
		6CBCC49D1779F1B800527961 /* PLTextField.m */ = {isa = PBXFileReference; fileEncoding = 4; lastKnownFileType = sourcecode.c.objc; name = PLTextField.m; path = Classes/UIElements/TextField/PLTextField.m; sourceTree = "<group>"; };
		6CBCC4A01779F6EA00527961 /* bariol_bold.ttf */ = {isa = PBXFileReference; lastKnownFileType = file; name = bariol_bold.ttf; path = Fonts/bariol_bold.ttf; sourceTree = "<group>"; };
		6CBCC4A11779F6EA00527961 /* bariol_light.ttf */ = {isa = PBXFileReference; lastKnownFileType = file; name = bariol_light.ttf; path = Fonts/bariol_light.ttf; sourceTree = "<group>"; };
		6CBCC4A21779F6EA00527961 /* bariol_thin.ttf */ = {isa = PBXFileReference; lastKnownFileType = file; name = bariol_thin.ttf; path = Fonts/bariol_thin.ttf; sourceTree = "<group>"; };
		6CBCC4C3177A3A0A00527961 /* navigation_back@2x.png */ = {isa = PBXFileReference; lastKnownFileType = image.png; name = "navigation_back@2x.png"; path = "Images/Retina/navigation_back@2x.png"; sourceTree = "<group>"; };
		6CBCC4C5177A3A1000527961 /* navigation_back.png */ = {isa = PBXFileReference; lastKnownFileType = image.png; name = navigation_back.png; path = Images/Standard/navigation_back.png; sourceTree = "<group>"; };
		6CE3CE981796F9E600618892 /* PLPlantViewController.h */ = {isa = PBXFileReference; fileEncoding = 4; lastKnownFileType = sourcecode.c.h; name = PLPlantViewController.h; path = Classes/ViewControllers/iPhone/UserHomeSequence/PlantSequence/Plant/PLPlantViewController.h; sourceTree = "<group>"; };
		6CE3CE991796F9E600618892 /* PLPlantViewController.m */ = {isa = PBXFileReference; fileEncoding = 4; lastKnownFileType = sourcecode.c.objc; name = PLPlantViewController.m; path = Classes/ViewControllers/iPhone/UserHomeSequence/PlantSequence/Plant/PLPlantViewController.m; sourceTree = "<group>"; };
		6CE3CE9C1796FA6300618892 /* PLPlantCell.h */ = {isa = PBXFileReference; fileEncoding = 4; lastKnownFileType = sourcecode.c.h; name = PLPlantCell.h; path = Classes/UIElements/Cells/Plant/PLPlantCell.h; sourceTree = "<group>"; };
		6CE3CE9D1796FA6300618892 /* PLPlantCell.m */ = {isa = PBXFileReference; fileEncoding = 4; lastKnownFileType = sourcecode.c.objc; name = PLPlantCell.m; path = Classes/UIElements/Cells/Plant/PLPlantCell.m; sourceTree = "<group>"; };
		6CE3CEA717970E7900618892 /* PLPlantTypeSelectViewController.h */ = {isa = PBXFileReference; fileEncoding = 4; lastKnownFileType = sourcecode.c.h; name = PLPlantTypeSelectViewController.h; path = Classes/ViewControllers/iPhone/AddPlantSequence/PlantTypeSelect/PLPlantTypeSelectViewController.h; sourceTree = "<group>"; };
		6CE3CEA817970E7900618892 /* PLPlantTypeSelectViewController.m */ = {isa = PBXFileReference; fileEncoding = 4; lastKnownFileType = sourcecode.c.objc; name = PLPlantTypeSelectViewController.m; path = Classes/ViewControllers/iPhone/AddPlantSequence/PlantTypeSelect/PLPlantTypeSelectViewController.m; sourceTree = "<group>"; };
		6CE3CEAA17970E9200618892 /* PLSoilTypeSelectViewController.h */ = {isa = PBXFileReference; fileEncoding = 4; lastKnownFileType = sourcecode.c.h; name = PLSoilTypeSelectViewController.h; path = Classes/ViewControllers/iPhone/AddPlantSequence/SoilTypeSelect/PLSoilTypeSelectViewController.h; sourceTree = "<group>"; };
		6CE3CEAB17970E9200618892 /* PLSoilTypeSelectViewController.m */ = {isa = PBXFileReference; fileEncoding = 4; lastKnownFileType = sourcecode.c.objc; name = PLSoilTypeSelectViewController.m; path = Classes/ViewControllers/iPhone/AddPlantSequence/SoilTypeSelect/PLSoilTypeSelectViewController.m; sourceTree = "<group>"; };
		6CE3CEAD17970EAE00618892 /* PLPlantNicknameSelectViewController.h */ = {isa = PBXFileReference; fileEncoding = 4; lastKnownFileType = sourcecode.c.h; name = PLPlantNicknameSelectViewController.h; path = Classes/ViewControllers/iPhone/AddPlantSequence/PlantNicknameSelect/PLPlantNicknameSelectViewController.h; sourceTree = "<group>"; };
		6CE3CEAE17970EAE00618892 /* PLPlantNicknameSelectViewController.m */ = {isa = PBXFileReference; fileEncoding = 4; lastKnownFileType = sourcecode.c.objc; name = PLPlantNicknameSelectViewController.m; path = Classes/ViewControllers/iPhone/AddPlantSequence/PlantNicknameSelect/PLPlantNicknameSelectViewController.m; sourceTree = "<group>"; };
		6CE3CEB017970ED400618892 /* PLBaseStationSyncViewController.h */ = {isa = PBXFileReference; fileEncoding = 4; lastKnownFileType = sourcecode.c.h; name = PLBaseStationSyncViewController.h; path = Classes/ViewControllers/iPhone/AddPlantSequence/BaseStationSync/PLBaseStationSyncViewController.h; sourceTree = "<group>"; };
		6CE3CEB117970ED400618892 /* PLBaseStationSyncViewController.m */ = {isa = PBXFileReference; fileEncoding = 4; lastKnownFileType = sourcecode.c.objc; name = PLBaseStationSyncViewController.m; path = Classes/ViewControllers/iPhone/AddPlantSequence/BaseStationSync/PLBaseStationSyncViewController.m; sourceTree = "<group>"; };
		6CE3CEB317970EED00618892 /* PLPlantLinkSyncViewController.h */ = {isa = PBXFileReference; fileEncoding = 4; lastKnownFileType = sourcecode.c.h; name = PLPlantLinkSyncViewController.h; path = Classes/ViewControllers/iPhone/AddPlantSequence/PlantLinkSync/PLPlantLinkSyncViewController.h; sourceTree = "<group>"; };
		6CE3CEB417970EED00618892 /* PLPlantLinkSyncViewController.m */ = {isa = PBXFileReference; fileEncoding = 4; lastKnownFileType = sourcecode.c.objc; name = PLPlantLinkSyncViewController.m; path = Classes/ViewControllers/iPhone/AddPlantSequence/PlantLinkSync/PLPlantLinkSyncViewController.m; sourceTree = "<group>"; };
		6CE3CEB617970F0700618892 /* PLAddValveToPlantViewController.h */ = {isa = PBXFileReference; fileEncoding = 4; lastKnownFileType = sourcecode.c.h; name = PLAddValveToPlantViewController.h; path = Classes/ViewControllers/iPhone/AddPlantSequence/AddValveToPlant/PLAddValveToPlantViewController.h; sourceTree = "<group>"; };
		6CE3CEB717970F0700618892 /* PLAddValveToPlantViewController.m */ = {isa = PBXFileReference; fileEncoding = 4; lastKnownFileType = sourcecode.c.objc; name = PLAddValveToPlantViewController.m; path = Classes/ViewControllers/iPhone/AddPlantSequence/AddValveToPlant/PLAddValveToPlantViewController.m; sourceTree = "<group>"; };
		6CE3CEB9179720AF00618892 /* CoreLocation.framework */ = {isa = PBXFileReference; lastKnownFileType = wrapper.framework; name = CoreLocation.framework; path = System/Library/Frameworks/CoreLocation.framework; sourceTree = SDKROOT; };
		6CE3CEC21797257500618892 /* PLSettingsViewController.h */ = {isa = PBXFileReference; fileEncoding = 4; lastKnownFileType = sourcecode.c.h; name = PLSettingsViewController.h; path = Classes/ViewControllers/iPhone/UserHomeSequence/Settings/PLSettingsViewController.h; sourceTree = "<group>"; };
		6CE3CEC31797257500618892 /* PLSettingsViewController.m */ = {isa = PBXFileReference; fileEncoding = 4; lastKnownFileType = sourcecode.c.objc; name = PLSettingsViewController.m; path = Classes/ViewControllers/iPhone/UserHomeSequence/Settings/PLSettingsViewController.m; sourceTree = "<group>"; };
		6CE3CEC51797258800618892 /* PLNotificationsViewController.h */ = {isa = PBXFileReference; fileEncoding = 4; lastKnownFileType = sourcecode.c.h; name = PLNotificationsViewController.h; path = Classes/ViewControllers/iPhone/UserHomeSequence/Notifications/PLNotificationsViewController.h; sourceTree = "<group>"; };
		6CE3CEC61797258800618892 /* PLNotificationsViewController.m */ = {isa = PBXFileReference; fileEncoding = 4; lastKnownFileType = sourcecode.c.objc; name = PLNotificationsViewController.m; path = Classes/ViewControllers/iPhone/UserHomeSequence/Notifications/PLNotificationsViewController.m; sourceTree = "<group>"; };
		6CF2FDE9178CC863004A50DF /* PLHomeViewController.h */ = {isa = PBXFileReference; fileEncoding = 4; lastKnownFileType = sourcecode.c.h; name = PLHomeViewController.h; path = Classes/ViewControllers/iPhone/Home/PLHomeViewController.h; sourceTree = "<group>"; };
		6CF2FDEA178CC863004A50DF /* PLHomeViewController.m */ = {isa = PBXFileReference; fileEncoding = 4; lastKnownFileType = sourcecode.c.objc; name = PLHomeViewController.m; path = Classes/ViewControllers/iPhone/Home/PLHomeViewController.m; sourceTree = "<group>"; };
/* End PBXFileReference section */

/* Begin PBXFrameworksBuildPhase section */
		6C972B6817550B4B007234B6 /* Frameworks */ = {
			isa = PBXFrameworksBuildPhase;
			buildActionMask = 2147483647;
			files = (
				6CE3CEBA179720AF00618892 /* CoreLocation.framework in Frameworks */,
				6C487C141795F0DD007EE2B5 /* MapKit.framework in Frameworks */,
				6C487C021795C50E007EE2B5 /* libz.dylib in Frameworks */,
				6CBCC4961779EEC000527961 /* QuartzCore.framework in Frameworks */,
				6C8CA42D175694580019FC4B /* SystemConfiguration.framework in Frameworks */,
				6C972B6F17550B4B007234B6 /* UIKit.framework in Frameworks */,
				6CB86FB7175D560F00B18213 /* libService-CodeBase.a in Frameworks */,
				6C972B7117550B4B007234B6 /* Foundation.framework in Frameworks */,
				6C972B7317550B4B007234B6 /* CoreGraphics.framework in Frameworks */,
			);
			runOnlyForDeploymentPostprocessing = 0;
		};
		6C972B9017550B4C007234B6 /* Frameworks */ = {
			isa = PBXFrameworksBuildPhase;
			buildActionMask = 2147483647;
			files = (
				6CB8711E175E54E100B18213 /* libService-CodeBase.a in Frameworks */,
				6C972B9617550B4C007234B6 /* SenTestingKit.framework in Frameworks */,
				6C972B9717550B4C007234B6 /* UIKit.framework in Frameworks */,
				6C972B9817550B4C007234B6 /* Foundation.framework in Frameworks */,
			);
			runOnlyForDeploymentPostprocessing = 0;
		};
/* End PBXFrameworksBuildPhase section */

/* Begin PBXGroup section */
		6C487BFD1795BEE5007EE2B5 /* Login */ = {
			isa = PBXGroup;
			children = (
				6C487BFE1795BEFE007EE2B5 /* PLLoginViewController.h */,
				6C487BFF1795BEFE007EE2B5 /* PLLoginViewController.m */,
			);
			name = Login;
			sourceTree = "<group>";
		};
		6C487C031795DE54007EE2B5 /* SerialInput */ = {
			isa = PBXGroup;
			children = (
				6C487C071795DEAA007EE2B5 /* PLSerialInputViewController.h */,
				6C487C081795DEAA007EE2B5 /* PLSerialInputViewController.m */,
			);
			name = SerialInput;
			sourceTree = "<group>";
		};
		6C487C041795DE57007EE2B5 /* LocationInput */ = {
			isa = PBXGroup;
			children = (
				6C487C0A1795DEBD007EE2B5 /* PLLocationInputViewController.h */,
				6C487C0B1795DEBD007EE2B5 /* PLLocationInputViewController.m */,
				6C487C151795F0FD007EE2B5 /* MapPin */,
			);
			name = LocationInput;
			sourceTree = "<group>";
		};
		6C487C051795DE65007EE2B5 /* Information */ = {
			isa = PBXGroup;
			children = (
				6C487C0D1795DECE007EE2B5 /* PLInformationViewController.h */,
				6C487C0E1795DECE007EE2B5 /* PLInformationViewController.m */,
			);
			name = Information;
			sourceTree = "<group>";
		};
		6C487C151795F0FD007EE2B5 /* MapPin */ = {
			isa = PBXGroup;
			children = (
			);
			name = MapPin;
			sourceTree = "<group>";
		};
		6C487C161795F3E3007EE2B5 /* AddFirstPlant */ = {
			isa = PBXGroup;
			children = (
				6C487C171795F3FD007EE2B5 /* PLAddFirstPlantViewController.h */,
				6C487C181795F3FD007EE2B5 /* PLAddFirstPlantViewController.m */,
			);
			name = AddFirstPlant;
			sourceTree = "<group>";
		};
		6C487C1A1795F85B007EE2B5 /* UserHome */ = {
			isa = PBXGroup;
			children = (
				6C487C1B1795F882007EE2B5 /* PLUserHomeViewController.h */,
				6C487C1C1795F882007EE2B5 /* PLUserHomeViewController.m */,
			);
			name = UserHome;
			sourceTree = "<group>";
		};
		6C753E9F1797291800A47600 /* Schedule */ = {
			isa = PBXGroup;
			children = (
				6C753EA01797292600A47600 /* PLScheduleViewController.h */,
				6C753EA11797292600A47600 /* PLScheduleViewController.m */,
			);
			name = Schedule;
			sourceTree = "<group>";
		};
		6C7B55FD179EE79A0076B07E /* Menu */ = {
			isa = PBXGroup;
			children = (
				6C7B55FE179EE7AB0076B07E /* PLMenuButton.h */,
				6C7B55FF179EE7AB0076B07E /* PLMenuButton.m */,
			);
			name = Menu;
			sourceTree = "<group>";
		};
		6C7B5601179EF3F10076B07E /* PlantDetail */ = {
			isa = PBXGroup;
			children = (
				6C7B5603179EF5C50076B07E /* PLPlantDetailViewController.h */,
				6C7B5604179EF5C50076B07E /* PLPlantDetailViewController.m */,
			);
			name = PlantDetail;
			sourceTree = "<group>";
		};
		6C7B5602179EF3F50076B07E /* PlantSequence */ = {
			isa = PBXGroup;
			children = (
				6CE3CE971796F9CD00618892 /* Plant */,
				6C7B5601179EF3F10076B07E /* PlantDetail */,
			);
			name = PlantSequence;
			sourceTree = "<group>";
		};
		6C8CA423175680FB0019FC4B /* Link */ = {
			isa = PBXGroup;
			children = (
				6C8CA4241756810E0019FC4B /* PLLinkModel.h */,
				6C8CA4251756810E0019FC4B /* PLLinkModel.m */,
			);
			name = Link;
			sourceTree = "<group>";
		};
		6C972B6217550B4B007234B6 = {
			isa = PBXGroup;
			children = (
				6CE3CEB9179720AF00618892 /* CoreLocation.framework */,
				6C487C131795F0DD007EE2B5 /* MapKit.framework */,
				6C487C011795C50E007EE2B5 /* libz.dylib */,
				6C972B7417550B4B007234B6 /* PlantLink */,
				6C972B9B17550B4C007234B6 /* PlantLinkTests */,
				6C972B6D17550B4B007234B6 /* Frameworks */,
				6C972B6C17550B4B007234B6 /* Products */,
			);
			sourceTree = "<group>";
		};
		6C972B6C17550B4B007234B6 /* Products */ = {
			isa = PBXGroup;
			children = (
				6C972B6B17550B4B007234B6 /* PlantLink.app */,
				6C972B9417550B4C007234B6 /* PlantLinkTests.octest */,
			);
			name = Products;
			sourceTree = "<group>";
		};
		6C972B6D17550B4B007234B6 /* Frameworks */ = {
			isa = PBXGroup;
			children = (
				6CBCC4951779EEC000527961 /* QuartzCore.framework */,
				6CB86FB4175D55FA00B18213 /* libService-CodeBase.a */,
				6C8CA42B175694490019FC4B /* SystemConfiguration.framework */,
				6C972B6E17550B4B007234B6 /* UIKit.framework */,
				6C972B7017550B4B007234B6 /* Foundation.framework */,
				6C972B7217550B4B007234B6 /* CoreGraphics.framework */,
				6C972B9517550B4C007234B6 /* SenTestingKit.framework */,
			);
			name = Frameworks;
			sourceTree = "<group>";
		};
		6C972B7417550B4B007234B6 /* PlantLink */ = {
			isa = PBXGroup;
			children = (
				6CB86FBE175D58FE00B18213 /* Icons */,
				6C972BCC1755519A007234B6 /* Constants */,
				6C972BCB17555198007234B6 /* Managers */,
				6C972BCA17555196007234B6 /* Models */,
				6C972BC917555194007234B6 /* Requests */,
				6C972BC817555191007234B6 /* UIElements */,
				6C972BB8175543BA007234B6 /* ViewControllers */,
				6C972B8617550B4B007234B6 /* MainStoryboard_iPhone.storyboard */,
				6C972B8917550B4B007234B6 /* MainStoryboard_iPad.storyboard */,
				6C972B7D17550B4B007234B6 /* PLAppDelegate.h */,
				6C972B7E17550B4B007234B6 /* PLAppDelegate.m */,
				6CBCC49F1779F6CD00527961 /* Fonts */,
				6C972BAC175540CB007234B6 /* Images */,
				6C972B7517550B4B007234B6 /* Supporting Files */,
			);
			path = PlantLink;
			sourceTree = "<group>";
		};
		6C972B7517550B4B007234B6 /* Supporting Files */ = {
			isa = PBXGroup;
			children = (
				6C972B7617550B4B007234B6 /* PlantLink-Info.plist */,
				6C972B7717550B4B007234B6 /* InfoPlist.strings */,
				6C972B7A17550B4B007234B6 /* main.m */,
				6C972B7C17550B4B007234B6 /* PlantLink-Prefix.pch */,
				6C972B8017550B4B007234B6 /* Default.png */,
				6C972B8217550B4B007234B6 /* Default@2x.png */,
				6C972B8417550B4B007234B6 /* Default-568h@2x.png */,
			);
			name = "Supporting Files";
			sourceTree = "<group>";
		};
		6C972B9B17550B4C007234B6 /* PlantLinkTests */ = {
			isa = PBXGroup;
			children = (
				6CB8711B175E4FF100B18213 /* ModelTests.strings */,
				6C972BA117550B4C007234B6 /* PlantLinkTests.h */,
				6C972BA217550B4C007234B6 /* PlantLinkTests.m */,
				6C972B9C17550B4C007234B6 /* Supporting Files */,
			);
			path = PlantLinkTests;
			sourceTree = "<group>";
		};
		6C972B9C17550B4C007234B6 /* Supporting Files */ = {
			isa = PBXGroup;
			children = (
				6C972B9D17550B4C007234B6 /* PlantLinkTests-Info.plist */,
				6C972B9E17550B4C007234B6 /* InfoPlist.strings */,
			);
			name = "Supporting Files";
			sourceTree = "<group>";
		};
		6C972BAC175540CB007234B6 /* Images */ = {
			isa = PBXGroup;
			children = (
				6CB86FBA175D589400B18213 /* Standard */,
				6CB86FB9175D589200B18213 /* Retina */,
			);
			name = Images;
			sourceTree = "<group>";
		};
		6C972BB8175543BA007234B6 /* ViewControllers */ = {
			isa = PBXGroup;
			children = (
				6C972BBB175543D7007234B6 /* Abstract */,
				6C972BB9175543BD007234B6 /* iPhone */,
				6C972BCD1755529F007234B6 /* iPad */,
			);
			name = ViewControllers;
			sourceTree = "<group>";
		};
		6C972BB9175543BD007234B6 /* iPhone */ = {
			isa = PBXGroup;
			children = (
				6CF2FDE8178CC851004A50DF /* Home */,
				6CE3CE9F179705E600618892 /* LoginSequence */,
				6CE3CEBB179724DA00618892 /* UserHomeSequence */,
				6CE3CEA0179705FC00618892 /* AddPlantSequence */,
			);
			name = iPhone;
			sourceTree = "<group>";
		};
		6C972BBB175543D7007234B6 /* Abstract */ = {
			isa = PBXGroup;
			children = (
				6C8CA40E1756692C0019FC4B /* PLAbstractViewController.h */,
				6C8CA40F1756692C0019FC4B /* PLAbstractViewController.m */,
			);
			name = Abstract;
			sourceTree = "<group>";
		};
		6C972BC817555191007234B6 /* UIElements */ = {
			isa = PBXGroup;
			children = (
				6CBCC49B1779F19E00527961 /* TextField */,
				6C972BE417555389007234B6 /* Buttons */,
				6C972BE317555387007234B6 /* Cells */,
			);
			name = UIElements;
			sourceTree = "<group>";
		};
		6C972BC917555194007234B6 /* Requests */ = {
			isa = PBXGroup;
			children = (
				6C972BD4175552BF007234B6 /* BaseStation */,
				6C972BD3175552BD007234B6 /* Measurement */,
				6C972BD2175552BB007234B6 /* Plant */,
				6C9C63371772120400992D27 /* Link */,
				6C972BD1175552B9007234B6 /* PlantType */,
				6C972BD0175552B7007234B6 /* SoilType */,
				6C972BCF175552B6007234B6 /* User */,
				6C972BCE175552B4007234B6 /* Valve */,
			);
			name = Requests;
			sourceTree = "<group>";
		};
		6C972BCA17555196007234B6 /* Models */ = {
			isa = PBXGroup;
			children = (
				6C972BDE175552FF007234B6 /* BaseStation */,
				6C972BDD175552FD007234B6 /* Plant */,
				6C972BD7175552EE007234B6 /* PlantMeasurement */,
				6C972BDB175552F9007234B6 /* PlantType */,
				6C972BDA175552F6007234B6 /* Soil */,
				6C972BD8175552F0007234B6 /* User */,
				6C972BD6175552EA007234B6 /* Valves */,
				6C8CA423175680FB0019FC4B /* Link */,
			);
			name = Models;
			sourceTree = "<group>";
		};
		6C972BCB17555198007234B6 /* Managers */ = {
			isa = PBXGroup;
			children = (
				6C972BE11755535B007234B6 /* User */,
			);
			name = Managers;
			sourceTree = "<group>";
		};
		6C972BCC1755519A007234B6 /* Constants */ = {
			isa = PBXGroup;
			children = (
				6C9C0DD6175E744300864EF1 /* Localizable.strings */,
				6C8CA41D17567AAF0019FC4B /* PLProjectConstants.h */,
				6C8CA42017567AC20019FC4B /* PLDesignConstants.h */,
			);
			name = Constants;
			sourceTree = "<group>";
		};
		6C972BCD1755529F007234B6 /* iPad */ = {
			isa = PBXGroup;
			children = (
			);
			name = iPad;
			sourceTree = "<group>";
		};
		6C972BCE175552B4007234B6 /* Valve */ = {
			isa = PBXGroup;
			children = (
				6C8CA4021756685B0019FC4B /* PLValveRequest.h */,
				6C8CA4031756685B0019FC4B /* PLValveRequest.m */,
			);
			name = Valve;
			sourceTree = "<group>";
		};
		6C972BCF175552B6007234B6 /* User */ = {
			isa = PBXGroup;
			children = (
				6C8CA405175668690019FC4B /* PLUserRequest.h */,
				6C8CA406175668690019FC4B /* PLUserRequest.m */,
			);
			name = User;
			sourceTree = "<group>";
		};
		6C972BD0175552B7007234B6 /* SoilType */ = {
			isa = PBXGroup;
			children = (
				6C8CA4081756687C0019FC4B /* PLSoilTypeRequest.h */,
				6C8CA4091756687C0019FC4B /* PLSoilTypeRequest.m */,
			);
			name = SoilType;
			sourceTree = "<group>";
		};
		6C972BD1175552B9007234B6 /* PlantType */ = {
			isa = PBXGroup;
			children = (
				6C8CA3FF1756684E0019FC4B /* PLPlantTypeRequest.h */,
				6C8CA4001756684E0019FC4B /* PLPlantTypeRequest.m */,
			);
			name = PlantType;
			sourceTree = "<group>";
		};
		6C972BD2175552BB007234B6 /* Plant */ = {
			isa = PBXGroup;
			children = (
				6C8CA3FC175668400019FC4B /* PLPlantRequest.h */,
				6C8CA3FD175668400019FC4B /* PLPlantRequest.m */,
			);
			name = Plant;
			sourceTree = "<group>";
		};
		6C972BD3175552BD007234B6 /* Measurement */ = {
			isa = PBXGroup;
			children = (
				6C8CA3F91756682B0019FC4B /* PLMeasurementRequest.h */,
				6C8CA3FA1756682B0019FC4B /* PLMeasurementRequest.m */,
			);
			name = Measurement;
			sourceTree = "<group>";
		};
		6C972BD4175552BF007234B6 /* BaseStation */ = {
			isa = PBXGroup;
			children = (
				6C8CA3F61756681F0019FC4B /* PLBaseStationRequest.h */,
				6C8CA3F71756681F0019FC4B /* PLBaseStationRequest.m */,
			);
			name = BaseStation;
			sourceTree = "<group>";
		};
		6C972BD6175552EA007234B6 /* Valves */ = {
			isa = PBXGroup;
			children = (
				6C8CA3E3175664F70019FC4B /* PLValveModel.h */,
				6C8CA3E4175664F70019FC4B /* PLValveModel.m */,
			);
			name = Valves;
			sourceTree = "<group>";
		};
		6C972BD7175552EE007234B6 /* PlantMeasurement */ = {
			isa = PBXGroup;
			children = (
				6C8CA3DA175664890019FC4B /* PLPlantMeasurementModel.h */,
				6C8CA3DB175664890019FC4B /* PLPlantMeasurementModel.m */,
			);
			name = PlantMeasurement;
			sourceTree = "<group>";
		};
		6C972BD8175552F0007234B6 /* User */ = {
			isa = PBXGroup;
			children = (
				6C8CA3E6175665040019FC4B /* PLUserModel.h */,
				6C8CA3E7175665040019FC4B /* PLUserModel.m */,
			);
			name = User;
			sourceTree = "<group>";
		};
		6C972BDA175552F6007234B6 /* Soil */ = {
			isa = PBXGroup;
			children = (
				6C8CA3E91756650F0019FC4B /* PLSoilModel.h */,
				6C8CA3EA1756650F0019FC4B /* PLSoilModel.m */,
			);
			name = Soil;
			sourceTree = "<group>";
		};
		6C972BDB175552F9007234B6 /* PlantType */ = {
			isa = PBXGroup;
			children = (
				6C8CA3E0175664E90019FC4B /* PLPlantTypeModel.h */,
				6C8CA3E1175664E90019FC4B /* PLPlantTypeModel.m */,
			);
			name = PlantType;
			sourceTree = "<group>";
		};
		6C972BDD175552FD007234B6 /* Plant */ = {
			isa = PBXGroup;
			children = (
				6C8CA3D7175664790019FC4B /* PLPlantModel.h */,
				6C8CA3D8175664790019FC4B /* PLPlantModel.m */,
			);
			name = Plant;
			sourceTree = "<group>";
		};
		6C972BDE175552FF007234B6 /* BaseStation */ = {
			isa = PBXGroup;
			children = (
				6C8CA3D4175664610019FC4B /* PLBaseStationModel.h */,
				6C8CA3D5175664610019FC4B /* PLBaseStationModel.m */,
			);
			name = BaseStation;
			sourceTree = "<group>";
		};
		6C972BE11755535B007234B6 /* User */ = {
			isa = PBXGroup;
			children = (
				6C8CA3EF175667A80019FC4B /* PLUserManager.h */,
				6C8CA3F0175667A80019FC4B /* PLUserManager.m */,
			);
			name = User;
			sourceTree = "<group>";
		};
		6C972BE317555387007234B6 /* Cells */ = {
			isa = PBXGroup;
			children = (
				6CE3CE9B1796FA4900618892 /* Plant */,
			);
			name = Cells;
			sourceTree = "<group>";
		};
		6C972BE417555389007234B6 /* Buttons */ = {
			isa = PBXGroup;
			children = (
				6C7B55FD179EE79A0076B07E /* Menu */,
			);
			name = Buttons;
			sourceTree = "<group>";
		};
		6C9C63371772120400992D27 /* Link */ = {
			isa = PBXGroup;
			children = (
				6C9C63381772123100992D27 /* PLLinkRequest.h */,
				6C9C63391772123100992D27 /* PLLinkRequest.m */,
			);
			name = Link;
			sourceTree = "<group>";
		};
		6CB86FB9175D589200B18213 /* Retina */ = {
			isa = PBXGroup;
			children = (
				6CBCC4C3177A3A0A00527961 /* navigation_back@2x.png */,
			);
			name = Retina;
			sourceTree = "<group>";
		};
		6CB86FBA175D589400B18213 /* Standard */ = {
			isa = PBXGroup;
			children = (
				6CBCC4C5177A3A1000527961 /* navigation_back.png */,
			);
			name = Standard;
			sourceTree = "<group>";
		};
		6CB86FBE175D58FE00B18213 /* Icons */ = {
			isa = PBXGroup;
			children = (
				6C972BF81755634E007234B6 /* icon_114.png */,
				6C972BF61755634C007234B6 /* icon_57.png */,
			);
			name = Icons;
			path = ..;
			sourceTree = "<group>";
		};
		6CBCC49B1779F19E00527961 /* TextField */ = {
			isa = PBXGroup;
			children = (
				6CBCC49C1779F1B800527961 /* PLTextField.h */,
				6CBCC49D1779F1B800527961 /* PLTextField.m */,
			);
			name = TextField;
			sourceTree = "<group>";
		};
		6CBCC49F1779F6CD00527961 /* Fonts */ = {
			isa = PBXGroup;
			children = (
				6CBCC4A01779F6EA00527961 /* bariol_bold.ttf */,
				6CBCC4A11779F6EA00527961 /* bariol_light.ttf */,
				6CBCC4A21779F6EA00527961 /* bariol_thin.ttf */,
			);
			name = Fonts;
			sourceTree = "<group>";
		};
		6CE3CE971796F9CD00618892 /* Plant */ = {
			isa = PBXGroup;
			children = (
				6CE3CE981796F9E600618892 /* PLPlantViewController.h */,
				6CE3CE991796F9E600618892 /* PLPlantViewController.m */,
			);
			name = Plant;
			sourceTree = "<group>";
		};
		6CE3CE9B1796FA4900618892 /* Plant */ = {
			isa = PBXGroup;
			children = (
				6CE3CE9C1796FA6300618892 /* PLPlantCell.h */,
				6CE3CE9D1796FA6300618892 /* PLPlantCell.m */,
			);
			name = Plant;
			sourceTree = "<group>";
		};
		6CE3CE9F179705E600618892 /* LoginSequence */ = {
			isa = PBXGroup;
			children = (
				6C487BFD1795BEE5007EE2B5 /* Login */,
				6C487C031795DE54007EE2B5 /* SerialInput */,
				6C487C041795DE57007EE2B5 /* LocationInput */,
				6C487C051795DE65007EE2B5 /* Information */,
				6C487C161795F3E3007EE2B5 /* AddFirstPlant */,
			);
			name = LoginSequence;
			sourceTree = "<group>";
		};
		6CE3CEA0179705FC00618892 /* AddPlantSequence */ = {
			isa = PBXGroup;
			children = (
				6CE3CEA1179706E600618892 /* PlantTypeSelect */,
				6CE3CEA2179706F900618892 /* SoilTypeSelect */,
				6CE3CEA31797070800618892 /* PlantNicknameSelect */,
				6CE3CEA41797073500618892 /* BaseStationSync */,
				6CE3CEA51797074000618892 /* PlantLinkSync */,
				6CE3CEA61797075000618892 /* AddValveToPlant */,
			);
			name = AddPlantSequence;
			sourceTree = "<group>";
		};
		6CE3CEA1179706E600618892 /* PlantTypeSelect */ = {
			isa = PBXGroup;
			children = (
				6CE3CEA717970E7900618892 /* PLPlantTypeSelectViewController.h */,
				6CE3CEA817970E7900618892 /* PLPlantTypeSelectViewController.m */,
			);
			name = PlantTypeSelect;
			sourceTree = "<group>";
		};
		6CE3CEA2179706F900618892 /* SoilTypeSelect */ = {
			isa = PBXGroup;
			children = (
				6CE3CEAA17970E9200618892 /* PLSoilTypeSelectViewController.h */,
				6CE3CEAB17970E9200618892 /* PLSoilTypeSelectViewController.m */,
			);
			name = SoilTypeSelect;
			sourceTree = "<group>";
		};
		6CE3CEA31797070800618892 /* PlantNicknameSelect */ = {
			isa = PBXGroup;
			children = (
				6CE3CEAD17970EAE00618892 /* PLPlantNicknameSelectViewController.h */,
				6CE3CEAE17970EAE00618892 /* PLPlantNicknameSelectViewController.m */,
			);
			name = PlantNicknameSelect;
			sourceTree = "<group>";
		};
		6CE3CEA41797073500618892 /* BaseStationSync */ = {
			isa = PBXGroup;
			children = (
				6CE3CEB017970ED400618892 /* PLBaseStationSyncViewController.h */,
				6CE3CEB117970ED400618892 /* PLBaseStationSyncViewController.m */,
			);
			name = BaseStationSync;
			sourceTree = "<group>";
		};
		6CE3CEA51797074000618892 /* PlantLinkSync */ = {
			isa = PBXGroup;
			children = (
				6CE3CEB317970EED00618892 /* PLPlantLinkSyncViewController.h */,
				6CE3CEB417970EED00618892 /* PLPlantLinkSyncViewController.m */,
			);
			name = PlantLinkSync;
			sourceTree = "<group>";
		};
		6CE3CEA61797075000618892 /* AddValveToPlant */ = {
			isa = PBXGroup;
			children = (
				6CE3CEB617970F0700618892 /* PLAddValveToPlantViewController.h */,
				6CE3CEB717970F0700618892 /* PLAddValveToPlantViewController.m */,
			);
			name = AddValveToPlant;
			sourceTree = "<group>";
		};
		6CE3CEBB179724DA00618892 /* UserHomeSequence */ = {
			isa = PBXGroup;
			children = (
				6C487C1A1795F85B007EE2B5 /* UserHome */,
				6C7B5602179EF3F50076B07E /* PlantSequence */,
				6C753E9F1797291800A47600 /* Schedule */,
				6CE3CEBD1797250B00618892 /* Notifications */,
				6CE3CEBE1797251100618892 /* Settings */,
			);
			name = UserHomeSequence;
			sourceTree = "<group>";
		};
		6CE3CEBD1797250B00618892 /* Notifications */ = {
			isa = PBXGroup;
			children = (
				6CE3CEC51797258800618892 /* PLNotificationsViewController.h */,
				6CE3CEC61797258800618892 /* PLNotificationsViewController.m */,
			);
			name = Notifications;
			sourceTree = "<group>";
		};
		6CE3CEBE1797251100618892 /* Settings */ = {
			isa = PBXGroup;
			children = (
				6CE3CEC21797257500618892 /* PLSettingsViewController.h */,
				6CE3CEC31797257500618892 /* PLSettingsViewController.m */,
			);
			name = Settings;
			sourceTree = "<group>";
		};
		6CF2FDE8178CC851004A50DF /* Home */ = {
			isa = PBXGroup;
			children = (
				6CF2FDE9178CC863004A50DF /* PLHomeViewController.h */,
				6CF2FDEA178CC863004A50DF /* PLHomeViewController.m */,
			);
			name = Home;
			sourceTree = "<group>";
		};
/* End PBXGroup section */

/* Begin PBXNativeTarget section */
		6C972B6A17550B4B007234B6 /* PlantLink */ = {
			isa = PBXNativeTarget;
			buildConfigurationList = 6C972BA617550B4C007234B6 /* Build configuration list for PBXNativeTarget "PlantLink" */;
			buildPhases = (
				6C972B6717550B4B007234B6 /* Sources */,
				6C972B6817550B4B007234B6 /* Frameworks */,
				6C972B6917550B4B007234B6 /* Resources */,
			);
			buildRules = (
			);
			dependencies = (
			);
			name = PlantLink;
			productName = PlantLink;
			productReference = 6C972B6B17550B4B007234B6 /* PlantLink.app */;
			productType = "com.apple.product-type.application";
		};
		6C972B9317550B4C007234B6 /* PlantLinkTests */ = {
			isa = PBXNativeTarget;
			buildConfigurationList = 6C972BA917550B4C007234B6 /* Build configuration list for PBXNativeTarget "PlantLinkTests" */;
			buildPhases = (
				6C972B8F17550B4C007234B6 /* Sources */,
				6C972B9017550B4C007234B6 /* Frameworks */,
				6C972B9117550B4C007234B6 /* Resources */,
				6C972B9217550B4C007234B6 /* ShellScript */,
			);
			buildRules = (
			);
			dependencies = (
				6C972B9A17550B4C007234B6 /* PBXTargetDependency */,
			);
			name = PlantLinkTests;
			productName = PlantLinkTests;
			productReference = 6C972B9417550B4C007234B6 /* PlantLinkTests.octest */;
			productType = "com.apple.product-type.bundle";
		};
/* End PBXNativeTarget section */

/* Begin PBXProject section */
		6C972B6317550B4B007234B6 /* Project object */ = {
			isa = PBXProject;
			attributes = {
				CLASSPREFIX = PL;
				LastUpgradeCheck = 0460;
				ORGANIZATIONNAME = "Zealous Amoeba";
			};
			buildConfigurationList = 6C972B6617550B4B007234B6 /* Build configuration list for PBXProject "PlantLink" */;
			compatibilityVersion = "Xcode 3.2";
			developmentRegion = English;
			hasScannedForEncodings = 0;
			knownRegions = (
				en,
			);
			mainGroup = 6C972B6217550B4B007234B6;
			productRefGroup = 6C972B6C17550B4B007234B6 /* Products */;
			projectDirPath = "";
			projectRoot = "";
			targets = (
				6C972B6A17550B4B007234B6 /* PlantLink */,
				6C972B9317550B4C007234B6 /* PlantLinkTests */,
			);
		};
/* End PBXProject section */

/* Begin PBXResourcesBuildPhase section */
		6C972B6917550B4B007234B6 /* Resources */ = {
			isa = PBXResourcesBuildPhase;
			buildActionMask = 2147483647;
			files = (
				6C972B7917550B4B007234B6 /* InfoPlist.strings in Resources */,
				6C972B8117550B4B007234B6 /* Default.png in Resources */,
				6C972B8317550B4B007234B6 /* Default@2x.png in Resources */,
				6C972B8517550B4B007234B6 /* Default-568h@2x.png in Resources */,
				6C972B8817550B4B007234B6 /* MainStoryboard_iPhone.storyboard in Resources */,
				6C972B8B17550B4B007234B6 /* MainStoryboard_iPad.storyboard in Resources */,
				6C972BF71755634C007234B6 /* icon_57.png in Resources */,
				6C972BF91755634E007234B6 /* icon_114.png in Resources */,
				6C9C0DD4175E744300864EF1 /* Localizable.strings in Resources */,
				6CBCC4AA1779FC6A00527961 /* bariol_bold.ttf in Resources */,
				6CBCC4AB1779FC6C00527961 /* bariol_light.ttf in Resources */,
				6CBCC4AC1779FC6F00527961 /* bariol_thin.ttf in Resources */,
				6CBCC4C4177A3A0A00527961 /* navigation_back@2x.png in Resources */,
				6CBCC4C6177A3A1000527961 /* navigation_back.png in Resources */,
			);
			runOnlyForDeploymentPostprocessing = 0;
		};
		6C972B9117550B4C007234B6 /* Resources */ = {
			isa = PBXResourcesBuildPhase;
			buildActionMask = 2147483647;
			files = (
				6C972BA017550B4C007234B6 /* InfoPlist.strings in Resources */,
				6CB8711C175E4FF100B18213 /* ModelTests.strings in Resources */,
				6CBCC4A31779F6EA00527961 /* bariol_bold.ttf in Resources */,
				6CBCC4A41779F6EA00527961 /* bariol_light.ttf in Resources */,
				6CBCC4A51779F6EA00527961 /* bariol_thin.ttf in Resources */,
			);
			runOnlyForDeploymentPostprocessing = 0;
		};
/* End PBXResourcesBuildPhase section */

/* Begin PBXShellScriptBuildPhase section */
		6C972B9217550B4C007234B6 /* ShellScript */ = {
			isa = PBXShellScriptBuildPhase;
			buildActionMask = 2147483647;
			files = (
			);
			inputPaths = (
			);
			outputPaths = (
			);
			runOnlyForDeploymentPostprocessing = 0;
			shellPath = /bin/sh;
			shellScript = "# Run the unit tests in this test bundle.\n\"${SYSTEM_DEVELOPER_DIR}/Tools/RunUnitTests\"\n";
		};
/* End PBXShellScriptBuildPhase section */

/* Begin PBXSourcesBuildPhase section */
		6C972B6717550B4B007234B6 /* Sources */ = {
			isa = PBXSourcesBuildPhase;
			buildActionMask = 2147483647;
			files = (
				6C972B7B17550B4B007234B6 /* main.m in Sources */,
				6C972B7F17550B4B007234B6 /* PLAppDelegate.m in Sources */,
				6C8CA3D6175664610019FC4B /* PLBaseStationModel.m in Sources */,
				6C8CA3D9175664790019FC4B /* PLPlantModel.m in Sources */,
				6C8CA3DC175664890019FC4B /* PLPlantMeasurementModel.m in Sources */,
				6C8CA3E2175664E90019FC4B /* PLPlantTypeModel.m in Sources */,
				6C8CA3E5175664F70019FC4B /* PLValveModel.m in Sources */,
				6C8CA3E8175665040019FC4B /* PLUserModel.m in Sources */,
				6C8CA3EB1756650F0019FC4B /* PLSoilModel.m in Sources */,
				6C8CA3F1175667A80019FC4B /* PLUserManager.m in Sources */,
				6C8CA3F81756681F0019FC4B /* PLBaseStationRequest.m in Sources */,
				6C8CA3FB1756682B0019FC4B /* PLMeasurementRequest.m in Sources */,
				6C8CA3FE175668400019FC4B /* PLPlantRequest.m in Sources */,
				6C8CA4011756684E0019FC4B /* PLPlantTypeRequest.m in Sources */,
				6C8CA4041756685B0019FC4B /* PLValveRequest.m in Sources */,
				6C8CA407175668690019FC4B /* PLUserRequest.m in Sources */,
				6C8CA40A1756687C0019FC4B /* PLSoilTypeRequest.m in Sources */,
				6C8CA4101756692C0019FC4B /* PLAbstractViewController.m in Sources */,
				6C8CA4261756810E0019FC4B /* PLLinkModel.m in Sources */,
				6C9C633A1772123100992D27 /* PLLinkRequest.m in Sources */,
				6CBCC49E1779F1B800527961 /* PLTextField.m in Sources */,
				6CF2FDEB178CC863004A50DF /* PLHomeViewController.m in Sources */,
				6C487C001795BEFE007EE2B5 /* PLLoginViewController.m in Sources */,
				6C487C091795DEAA007EE2B5 /* PLSerialInputViewController.m in Sources */,
				6C487C0C1795DEBD007EE2B5 /* PLLocationInputViewController.m in Sources */,
				6C487C0F1795DECE007EE2B5 /* PLInformationViewController.m in Sources */,
				6C487C191795F3FD007EE2B5 /* PLAddFirstPlantViewController.m in Sources */,
				6C487C1D1795F882007EE2B5 /* PLUserHomeViewController.m in Sources */,
				6CE3CE9A1796F9E600618892 /* PLPlantViewController.m in Sources */,
				6CE3CE9E1796FA6300618892 /* PLPlantCell.m in Sources */,
				6CE3CEA917970E7900618892 /* PLPlantTypeSelectViewController.m in Sources */,
				6CE3CEAC17970E9200618892 /* PLSoilTypeSelectViewController.m in Sources */,
				6CE3CEAF17970EAE00618892 /* PLPlantNicknameSelectViewController.m in Sources */,
				6CE3CEB217970ED400618892 /* PLBaseStationSyncViewController.m in Sources */,
				6CE3CEB517970EED00618892 /* PLPlantLinkSyncViewController.m in Sources */,
				6CE3CEB817970F0700618892 /* PLAddValveToPlantViewController.m in Sources */,
				6CE3CEC41797257500618892 /* PLSettingsViewController.m in Sources */,
				6CE3CEC71797258800618892 /* PLNotificationsViewController.m in Sources */,
				6C7B5600179EE7AB0076B07E /* PLMenuButton.m in Sources */,
				6C7B5605179EF5C50076B07E /* PLPlantDetailViewController.m in Sources */,
			);
			runOnlyForDeploymentPostprocessing = 0;
		};
		6C972B8F17550B4C007234B6 /* Sources */ = {
			isa = PBXSourcesBuildPhase;
			buildActionMask = 2147483647;
			files = (
				6C972BA317550B4C007234B6 /* PlantLinkTests.m in Sources */,
				6C753EA21797292600A47600 /* PLScheduleViewController.m in Sources */,
			);
			runOnlyForDeploymentPostprocessing = 0;
		};
/* End PBXSourcesBuildPhase section */

/* Begin PBXTargetDependency section */
		6C972B9A17550B4C007234B6 /* PBXTargetDependency */ = {
			isa = PBXTargetDependency;
			target = 6C972B6A17550B4B007234B6 /* PlantLink */;
			targetProxy = 6C972B9917550B4C007234B6 /* PBXContainerItemProxy */;
		};
/* End PBXTargetDependency section */

/* Begin PBXVariantGroup section */
		6C972B7717550B4B007234B6 /* InfoPlist.strings */ = {
			isa = PBXVariantGroup;
			children = (
				6C972B7817550B4B007234B6 /* en */,
			);
			name = InfoPlist.strings;
			sourceTree = "<group>";
		};
		6C972B8617550B4B007234B6 /* MainStoryboard_iPhone.storyboard */ = {
			isa = PBXVariantGroup;
			children = (
				6C972B8717550B4B007234B6 /* en */,
			);
			name = MainStoryboard_iPhone.storyboard;
			sourceTree = "<group>";
		};
		6C972B8917550B4B007234B6 /* MainStoryboard_iPad.storyboard */ = {
			isa = PBXVariantGroup;
			children = (
				6C972B8A17550B4B007234B6 /* en */,
			);
			name = MainStoryboard_iPad.storyboard;
			sourceTree = "<group>";
		};
		6C972B9E17550B4C007234B6 /* InfoPlist.strings */ = {
			isa = PBXVariantGroup;
			children = (
				6C972B9F17550B4C007234B6 /* en */,
			);
			name = InfoPlist.strings;
			sourceTree = "<group>";
		};
		6C9C0DD6175E744300864EF1 /* Localizable.strings */ = {
			isa = PBXVariantGroup;
			children = (
				6C9C0DD5175E744300864EF1 /* en */,
			);
			name = Localizable.strings;
			path = Classes/Constants;
			sourceTree = "<group>";
		};
/* End PBXVariantGroup section */

/* Begin XCBuildConfiguration section */
		6C972BA417550B4C007234B6 /* Debug */ = {
			isa = XCBuildConfiguration;
			buildSettings = {
				ALWAYS_SEARCH_USER_PATHS = NO;
				CLANG_CXX_LANGUAGE_STANDARD = "gnu++0x";
				CLANG_CXX_LIBRARY = "libc++";
				CLANG_ENABLE_OBJC_ARC = YES;
				CLANG_WARN_CONSTANT_CONVERSION = YES;
				CLANG_WARN_EMPTY_BODY = YES;
				CLANG_WARN_ENUM_CONVERSION = YES;
				CLANG_WARN_INT_CONVERSION = YES;
				CLANG_WARN__DUPLICATE_METHOD_MATCH = YES;
				"CODE_SIGN_IDENTITY[sdk=iphoneos*]" = "iPhone Developer";
				COPY_PHASE_STRIP = NO;
				GCC_C_LANGUAGE_STANDARD = gnu99;
				GCC_DYNAMIC_NO_PIC = NO;
				GCC_OPTIMIZATION_LEVEL = 0;
				GCC_PREPROCESSOR_DEFINITIONS = (
					"DEBUG=1",
					"$(inherited)",
				);
				GCC_SYMBOLS_PRIVATE_EXTERN = NO;
				GCC_WARN_ABOUT_RETURN_TYPE = YES;
				GCC_WARN_UNINITIALIZED_AUTOS = YES;
				GCC_WARN_UNUSED_VARIABLE = YES;
				IPHONEOS_DEPLOYMENT_TARGET = 6.0;
				ONLY_ACTIVE_ARCH = YES;
				SDKROOT = iphoneos;
				TARGETED_DEVICE_FAMILY = "1,2";
			};
			name = Debug;
		};
		6C972BA517550B4C007234B6 /* Release */ = {
			isa = XCBuildConfiguration;
			buildSettings = {
				ALWAYS_SEARCH_USER_PATHS = NO;
				CLANG_CXX_LANGUAGE_STANDARD = "gnu++0x";
				CLANG_CXX_LIBRARY = "libc++";
				CLANG_ENABLE_OBJC_ARC = YES;
				CLANG_WARN_CONSTANT_CONVERSION = YES;
				CLANG_WARN_EMPTY_BODY = YES;
				CLANG_WARN_ENUM_CONVERSION = YES;
				CLANG_WARN_INT_CONVERSION = YES;
				CLANG_WARN__DUPLICATE_METHOD_MATCH = YES;
				"CODE_SIGN_IDENTITY[sdk=iphoneos*]" = "iPhone Developer";
				COPY_PHASE_STRIP = YES;
				GCC_C_LANGUAGE_STANDARD = gnu99;
				GCC_WARN_ABOUT_RETURN_TYPE = YES;
				GCC_WARN_UNINITIALIZED_AUTOS = YES;
				GCC_WARN_UNUSED_VARIABLE = YES;
				IPHONEOS_DEPLOYMENT_TARGET = 6.0;
				OTHER_CFLAGS = "-DNS_BLOCK_ASSERTIONS=1";
				SDKROOT = iphoneos;
				TARGETED_DEVICE_FAMILY = "1,2";
				VALIDATE_PRODUCT = YES;
			};
			name = Release;
		};
		6C972BA717550B4C007234B6 /* Debug */ = {
			isa = XCBuildConfiguration;
			buildSettings = {
				ALWAYS_SEARCH_USER_PATHS = YES;
				GCC_PRECOMPILE_PREFIX_HEADER = YES;
				GCC_PREFIX_HEADER = "PlantLink/PlantLink-Prefix.pch";
				INFOPLIST_FILE = "PlantLink/PlantLink-Info.plist";
				LIBRARY_SEARCH_PATHS = (
					"$(inherited)",
					"\"$(SRCROOT)/../../../../Library/Developer/Xcode/DerivedData/Service-cfzaadrjrbvxhcczpglnxvsmrcex/Build/Products/Debug-iphoneos\"",
				);
				PRODUCT_NAME = "$(TARGET_NAME)";
				USER_HEADER_SEARCH_PATHS = "/Users/ZAmoeba/Dropbox/Service-Apps/Service-CodeBase/Service-CodeBase/**";
				WRAPPER_EXTENSION = app;
			};
			name = Debug;
		};
		6C972BA817550B4C007234B6 /* Release */ = {
			isa = XCBuildConfiguration;
			buildSettings = {
				ALWAYS_SEARCH_USER_PATHS = YES;
				GCC_PRECOMPILE_PREFIX_HEADER = YES;
				GCC_PREFIX_HEADER = "PlantLink/PlantLink-Prefix.pch";
				INFOPLIST_FILE = "PlantLink/PlantLink-Info.plist";
				LIBRARY_SEARCH_PATHS = (
					"$(inherited)",
					"\"$(SRCROOT)/../../../../Library/Developer/Xcode/DerivedData/Service-cfzaadrjrbvxhcczpglnxvsmrcex/Build/Products/Debug-iphoneos\"",
				);
				PRODUCT_NAME = "$(TARGET_NAME)";
				USER_HEADER_SEARCH_PATHS = "/Users/ZAmoeba/Dropbox/Service-Apps/Service-CodeBase/Service-CodeBase/**";
				WRAPPER_EXTENSION = app;
			};
			name = Release;
		};
		6C972BAA17550B4C007234B6 /* Debug */ = {
			isa = XCBuildConfiguration;
			buildSettings = {
				ALWAYS_SEARCH_USER_PATHS = YES;
				BUNDLE_LOADER = "$(BUILT_PRODUCTS_DIR)/PlantLink.app/PlantLink";
				FRAMEWORK_SEARCH_PATHS = (
					"\"$(SDKROOT)/Developer/Library/Frameworks\"",
					"\"$(DEVELOPER_LIBRARY_DIR)/Frameworks\"",
				);
				GCC_PRECOMPILE_PREFIX_HEADER = YES;
				GCC_PREFIX_HEADER = "PlantLink/PlantLink-Prefix.pch";
				HEADER_SEARCH_PATHS = "/Users/ZAmoeba/Dropbox/Service-Apps/Service-CodeBase/Service-CodeBase/**";
				INFOPLIST_FILE = "PlantLinkTests/PlantLinkTests-Info.plist";
				LIBRARY_SEARCH_PATHS = (
					"$(inherited)",
					"\"$(SRCROOT)/../../../../Library/Developer/Xcode/DerivedData/Service-cfzaadrjrbvxhcczpglnxvsmrcex/Build/Products/Debug-iphoneos\"",
				);
				PRODUCT_NAME = "$(TARGET_NAME)";
				TEST_HOST = "$(BUNDLE_LOADER)";
				USER_HEADER_SEARCH_PATHS = "/Users/ZAmoeba/Dropbox/Service-Apps/Service-CodeBase/Service-CodeBase/**";
				WRAPPER_EXTENSION = octest;
			};
			name = Debug;
		};
		6C972BAB17550B4C007234B6 /* Release */ = {
			isa = XCBuildConfiguration;
			buildSettings = {
				ALWAYS_SEARCH_USER_PATHS = YES;
				BUNDLE_LOADER = "$(BUILT_PRODUCTS_DIR)/PlantLink.app/PlantLink";
				FRAMEWORK_SEARCH_PATHS = (
					"\"$(SDKROOT)/Developer/Library/Frameworks\"",
					"\"$(DEVELOPER_LIBRARY_DIR)/Frameworks\"",
				);
				GCC_PRECOMPILE_PREFIX_HEADER = YES;
				GCC_PREFIX_HEADER = "PlantLink/PlantLink-Prefix.pch";
				HEADER_SEARCH_PATHS = "/Users/ZAmoeba/Dropbox/Service-Apps/Service-CodeBase/Service-CodeBase/**";
				INFOPLIST_FILE = "PlantLinkTests/PlantLinkTests-Info.plist";
				LIBRARY_SEARCH_PATHS = (
					"$(inherited)",
					"\"$(SRCROOT)/../../../../Library/Developer/Xcode/DerivedData/Service-cfzaadrjrbvxhcczpglnxvsmrcex/Build/Products/Debug-iphoneos\"",
				);
				PRODUCT_NAME = "$(TARGET_NAME)";
				TEST_HOST = "$(BUNDLE_LOADER)";
				USER_HEADER_SEARCH_PATHS = "/Users/ZAmoeba/Dropbox/Service-Apps/Service-CodeBase/Service-CodeBase/**";
				WRAPPER_EXTENSION = octest;
			};
			name = Release;
		};
/* End XCBuildConfiguration section */

/* Begin XCConfigurationList section */
		6C972B6617550B4B007234B6 /* Build configuration list for PBXProject "PlantLink" */ = {
			isa = XCConfigurationList;
			buildConfigurations = (
				6C972BA417550B4C007234B6 /* Debug */,
				6C972BA517550B4C007234B6 /* Release */,
			);
			defaultConfigurationIsVisible = 0;
			defaultConfigurationName = Release;
		};
		6C972BA617550B4C007234B6 /* Build configuration list for PBXNativeTarget "PlantLink" */ = {
			isa = XCConfigurationList;
			buildConfigurations = (
				6C972BA717550B4C007234B6 /* Debug */,
				6C972BA817550B4C007234B6 /* Release */,
			);
			defaultConfigurationIsVisible = 0;
			defaultConfigurationName = Release;
		};
		6C972BA917550B4C007234B6 /* Build configuration list for PBXNativeTarget "PlantLinkTests" */ = {
			isa = XCConfigurationList;
			buildConfigurations = (
				6C972BAA17550B4C007234B6 /* Debug */,
				6C972BAB17550B4C007234B6 /* Release */,
			);
			defaultConfigurationIsVisible = 0;
			defaultConfigurationName = Release;
		};
/* End XCConfigurationList section */
	};
	rootObject = 6C972B6317550B4B007234B6 /* Project object */;
}
